<?xml version="1.0" encoding="utf-8"?>
<Project ToolsVersion="4.0" xmlns="http://schemas.microsoft.com/developer/msbuild/2003">
  <ItemGroup>
    <Filter Include="Source Files">
      <UniqueIdentifier>{4FC737F1-C7A5-4376-A066-2A32D752A2FF}</UniqueIdentifier>
      <Extensions>cpp;c;cc;cxx;c++;cppm;ixx;def;odl;idl;hpj;bat;asm;asmx</Extensions>
    </Filter>
    <Filter Include="Header Files">
      <UniqueIdentifier>{93995380-89BD-4b04-88EB-625FBE52EBFB}</UniqueIdentifier>
      <Extensions>h;hh;hpp;hxx;h++;hm;inl;inc;ipp;xsd</Extensions>
    </Filter>
    <Filter Include="Resource Files">
      <UniqueIdentifier>{67DA6AB6-F800-4c08-8B7A-83BB121AAD01}</UniqueIdentifier>
      <Extensions>rc;ico;cur;bmp;dlg;rc2;rct;bin;rgs;gif;jpg;jpeg;jpe;resx;tiff;tif;png;wav;mfcribbon-ms</Extensions>
    </Filter>
  </ItemGroup>
  <ItemGroup>
    <ClCompile Include="LeetCode.cpp">
      <Filter>Source Files</Filter>
    </ClCompile>
    <ClCompile Include="00001_TwoSum.cpp">
      <Filter>Source Files</Filter>
    </ClCompile>
    <ClCompile Include="00002_AddTwoNumbers.cpp">
      <Filter>Source Files</Filter>
    </ClCompile>
    <ClCompile Include="00003_LongestSubstringWithoutRepeatingCharacters.cpp">
      <Filter>Source Files</Filter>
    </ClCompile>
    <ClCompile Include="00004_MedianOfTwoSortedArrays.cpp">
      <Filter>Source Files</Filter>
    </ClCompile>
    <ClCompile Include="00005_LongestPalindromicSubstring.cpp">
      <Filter>Source Files</Filter>
    </ClCompile>
    <ClCompile Include="00007_ReverseInteger.cpp">
      <Filter>Source Files</Filter>
    </ClCompile>
    <ClCompile Include="00010_RegularExpressionMatching.cpp">
      <Filter>Source Files</Filter>
    </ClCompile>
    <ClCompile Include="00011_ContainerWithMostWater.cpp">
      <Filter>Source Files</Filter>
    </ClCompile>
    <ClCompile Include="00013_RomanToInteger.cpp">
      <Filter>Source Files</Filter>
    </ClCompile>
    <ClCompile Include="00014_LongestCommonPrefix.cpp">
      <Filter>Source Files</Filter>
    </ClCompile>
    <ClCompile Include="00015_3Sum.cpp">
      <Filter>Source Files</Filter>
    </ClCompile>
    <ClCompile Include="00017_LetterCombinationsOfAPhoneNumber.cpp">
      <Filter>Source Files</Filter>
    </ClCompile>
    <ClCompile Include="00018_4Sum.cpp">
      <Filter>Source Files</Filter>
    </ClCompile>
    <ClCompile Include="00019_RemoveNthNodeFromEndOfList.cpp">
      <Filter>Source Files</Filter>
    </ClCompile>
    <ClCompile Include="00020_ValidParentheses.cpp">
      <Filter>Source Files</Filter>
    </ClCompile>
    <ClCompile Include="00021_MergeTwoSortedLists.cpp">
      <Filter>Source Files</Filter>
    </ClCompile>
    <ClCompile Include="00022_GenerateParentheses.cpp">
      <Filter>Source Files</Filter>
    </ClCompile>
    <ClCompile Include="00023_MergeKSortedLists.cpp">
      <Filter>Source Files</Filter>
    </ClCompile>
    <ClCompile Include="00025_ReverseNodesInKGroup.cpp">
      <Filter>Source Files</Filter>
    </ClCompile>
    <ClCompile Include="00026_RemoveDuplicatesFromSortedArray.cpp">
      <Filter>Source Files</Filter>
    </ClCompile>
    <ClCompile Include="00027_RemoveElement.cpp">
      <Filter>Source Files</Filter>
    </ClCompile>
    <ClCompile Include="00033_SearchInRotatedSortedArray.cpp">
      <Filter>Source Files</Filter>
    </ClCompile>
    <ClCompile Include="00035_SearchInsertPosition.cpp">
      <Filter>Source Files</Filter>
    </ClCompile>
    <ClCompile Include="00036_ValidSudoku.cpp">
      <Filter>Source Files</Filter>
    </ClCompile>
    <ClCompile Include="00039_CombinationSum.cpp">
      <Filter>Source Files</Filter>
    </ClCompile>
    <ClCompile Include="00040_CombinationSumII.cpp">
      <Filter>Source Files</Filter>
    </ClCompile>
    <ClCompile Include="00041_FirstMissingPositive.cpp">
      <Filter>Source Files</Filter>
    </ClCompile>
    <ClCompile Include="00042_TrappingRainWater.cpp">
      <Filter>Source Files</Filter>
    </ClCompile>
    <ClCompile Include="00043_MultiplyStrings.cpp">
      <Filter>Source Files</Filter>
    </ClCompile>
    <ClCompile Include="00045_JumpGameII.cpp">
      <Filter>Source Files</Filter>
    </ClCompile>
    <ClCompile Include="00046_Permutations.cpp">
      <Filter>Source Files</Filter>
    </ClCompile>
    <ClCompile Include="00047_PermutationsII.cpp">
      <Filter>Source Files</Filter>
    </ClCompile>
    <ClCompile Include="00048_RotateImage.cpp">
      <Filter>Source Files</Filter>
    </ClCompile>
    <ClCompile Include="00049_GroupAnagrams.cpp">
      <Filter>Source Files</Filter>
    </ClCompile>
    <ClCompile Include="00050_PowxN.cpp">
      <Filter>Source Files</Filter>
    </ClCompile>
    <ClCompile Include="00051_NQueens.cpp">
      <Filter>Source Files</Filter>
    </ClCompile>
    <ClCompile Include="00052_NQueensII.cpp">
      <Filter>Source Files</Filter>
    </ClCompile>
    <ClCompile Include="00053_MaximumSubarray.cpp">
      <Filter>Source Files</Filter>
    </ClCompile>
    <ClCompile Include="00054_SpiralMatrix.cpp">
      <Filter>Source Files</Filter>
    </ClCompile>
    <ClCompile Include="00055_JumpGame.cpp">
      <Filter>Source Files</Filter>
    </ClCompile>
    <ClCompile Include="00056_MergeIntervals.cpp">
      <Filter>Source Files</Filter>
    </ClCompile>
    <ClCompile Include="00057_InsertInterval.cpp">
      <Filter>Source Files</Filter>
    </ClCompile>
    <ClCompile Include="00062_UniquePaths.cpp">
      <Filter>Source Files</Filter>
    </ClCompile>
    <ClCompile Include="00063_UniquePathsII.cpp">
      <Filter>Source Files</Filter>
    </ClCompile>
    <ClCompile Include="00064_MinimumPathSum.cpp">
      <Filter>Source Files</Filter>
    </ClCompile>
    <ClCompile Include="00066_PlusOne.cpp">
      <Filter>Source Files</Filter>
    </ClCompile>
    <ClCompile Include="00067_AddBinary.cpp">
      <Filter>Source Files</Filter>
    </ClCompile>
    <ClCompile Include="00069_Sqrtx.cpp">
      <Filter>Source Files</Filter>
    </ClCompile>
    <ClCompile Include="00070_ClimbingStairs.cpp">
      <Filter>Source Files</Filter>
    </ClCompile>
    <ClCompile Include="00071_SimplifyPath.cpp">
      <Filter>Source Files</Filter>
    </ClCompile>
    <ClCompile Include="00072_EditDistance.cpp">
      <Filter>Source Files</Filter>
    </ClCompile>
    <ClCompile Include="00073_SetMatrixZeroes.cpp">
      <Filter>Source Files</Filter>
    </ClCompile>
    <ClCompile Include="00074_SearchA2DMatrix.cpp">
      <Filter>Source Files</Filter>
    </ClCompile>
    <ClCompile Include="00075_SortColors.cpp">
      <Filter>Source Files</Filter>
    </ClCompile>
    <ClCompile Include="00076_MinimumWindowSubstring.cpp">
      <Filter>Source Files</Filter>
    </ClCompile>
    <ClCompile Include="00077_Combinations.cpp">
      <Filter>Source Files</Filter>
    </ClCompile>
    <ClCompile Include="00078_Subsets.cpp">
      <Filter>Source Files</Filter>
    </ClCompile>
    <ClCompile Include="00079_WordSearch.cpp">
      <Filter>Source Files</Filter>
    </ClCompile>
    <ClCompile Include="00081_SearchInRotatedSortedArrayII.cpp">
      <Filter>Source Files</Filter>
    </ClCompile>
    <ClCompile Include="00084_LargestRectangleInHistogram.cpp">
      <Filter>Source Files</Filter>
    </ClCompile>
    <ClCompile Include="00088_MergeSortedArray.cpp">
      <Filter>Source Files</Filter>
    </ClCompile>
    <ClCompile Include="00090_SubsetsII.cpp">
      <Filter>Source Files</Filter>
    </ClCompile>
    <ClCompile Include="00091_DecodeWays.cpp">
      <Filter>Source Files</Filter>
    </ClCompile>
    <ClCompile Include="00092_ReverseLinkedListII.cpp">
      <Filter>Source Files</Filter>
    </ClCompile>
    <ClCompile Include="00094_BinaryTreeInorderTraversal.cpp">
      <Filter>Source Files</Filter>
    </ClCompile>
    <ClCompile Include="00097_InterleavingString.cpp">
      <Filter>Source Files</Filter>
    </ClCompile>
    <ClCompile Include="00098_ValidateBinarySearchTree.cpp">
      <Filter>Source Files</Filter>
    </ClCompile>
    <ClCompile Include="00100_SameTree.cpp">
      <Filter>Source Files</Filter>
    </ClCompile>
    <ClCompile Include="00102_BinaryTreeLevelOrderTraversal.cpp">
      <Filter>Source Files</Filter>
    </ClCompile>
    <ClCompile Include="00104_MaximumDepthOfBinaryTree.cpp">
      <Filter>Source Files</Filter>
    </ClCompile>
    <ClCompile Include="00105_ConstructBinaryTreeFromPreorderAndInorderTraversal.cpp">
      <Filter>Source Files</Filter>
    </ClCompile>
    <ClCompile Include="00110_BalancedBinaryTree.cpp">
      <Filter>Source Files</Filter>
    </ClCompile>
    <ClCompile Include="00115_DistinctSubsequences.cpp">
      <Filter>Source Files</Filter>
    </ClCompile>
    <ClCompile Include="00121_BestTimeToBuyAndSellStock.cpp">
      <Filter>Source Files</Filter>
    </ClCompile>
    <ClCompile Include="00122_BestTimeToBuyAndSellStockII.cpp">
      <Filter>Source Files</Filter>
    </ClCompile>
    <ClCompile Include="00124_BinaryTreeMaximumPathSum.cpp">
      <Filter>Source Files</Filter>
    </ClCompile>
    <ClCompile Include="00125_ValidPalindrome.cpp">
      <Filter>Source Files</Filter>
    </ClCompile>
    <ClCompile Include="00127_WordLadder.cpp">
      <Filter>Source Files</Filter>
    </ClCompile>
    <ClCompile Include="00128_LongestConsecutiveSequence.cpp">
      <Filter>Source Files</Filter>
    </ClCompile>
    <ClCompile Include="00130_SurroundedRegions.cpp">
      <Filter>Source Files</Filter>
    </ClCompile>
    <ClCompile Include="00131_PalindromePartitioning.cpp">
      <Filter>Source Files</Filter>
    </ClCompile>
    <ClCompile Include="00133_CloneGraph.cpp">
      <Filter>Source Files</Filter>
    </ClCompile>
    <ClCompile Include="00134_GasStation.cpp">
      <Filter>Source Files</Filter>
    </ClCompile>
    <ClCompile Include="00135_Candy.cpp">
      <Filter>Source Files</Filter>
    </ClCompile>
    <ClCompile Include="00136_SingleNumber.cpp">
      <Filter>Source Files</Filter>
    </ClCompile>
    <ClCompile Include="00138_CopyListWithRandomPointer.cpp">
      <Filter>Source Files</Filter>
    </ClCompile>
    <ClCompile Include="00139_WordBreak.cpp">
      <Filter>Source Files</Filter>
    </ClCompile>
    <ClCompile Include="00140_WordBreakII.cpp">
      <Filter>Source Files</Filter>
    </ClCompile>
    <ClCompile Include="00141_LinkedListCycle.cpp">
      <Filter>Source Files</Filter>
    </ClCompile>
    <ClCompile Include="00143_ReorderList.cpp">
      <Filter>Source Files</Filter>
    </ClCompile>
    <ClCompile Include="00144_BinaryTreePreorderTraversal.cpp">
      <Filter>Source Files</Filter>
    </ClCompile>
    <ClCompile Include="00145_BinaryTreePostorderTraversal.cpp">
      <Filter>Source Files</Filter>
    </ClCompile>
    <ClCompile Include="00146_LRUCache.cpp">
      <Filter>Source Files</Filter>
    </ClCompile>
    <ClCompile Include="00150_EvaluateReversePolishNotation.cpp">
      <Filter>Source Files</Filter>
    </ClCompile>
    <ClCompile Include="00152_MaximumProductSubarray.cpp">
      <Filter>Source Files</Filter>
    </ClCompile>
    <ClCompile Include="00153_FindMinimumInRotatedSortedArray.cpp">
      <Filter>Source Files</Filter>
    </ClCompile>
    <ClCompile Include="00155_MinStack.cpp">
      <Filter>Source Files</Filter>
    </ClCompile>
    <ClCompile Include="00167_TwoSumIIInputArrayIsSorted.cpp">
      <Filter>Source Files</Filter>
    </ClCompile>
    <ClCompile Include="00168_ExcelSheetColumnTitle.cpp">
      <Filter>Source Files</Filter>
    </ClCompile>
    <ClCompile Include="00169_MajorityElement.cpp">
      <Filter>Source Files</Filter>
    </ClCompile>
    <ClCompile Include="00189_RotateArray.cpp">
      <Filter>Source Files</Filter>
    </ClCompile>
    <ClCompile Include="00190_ReverseBits.cpp">
      <Filter>Source Files</Filter>
    </ClCompile>
    <ClCompile Include="00191_NumberOf1Bits.cpp">
      <Filter>Source Files</Filter>
    </ClCompile>
    <ClCompile Include="00198_HouseRobber.cpp">
      <Filter>Source Files</Filter>
    </ClCompile>
    <ClCompile Include="00199_BinaryTreeRightSideView.cpp">
      <Filter>Source Files</Filter>
    </ClCompile>
    <ClCompile Include="00200_NumberOfIslands.cpp">
      <Filter>Source Files</Filter>
    </ClCompile>
    <ClCompile Include="00201_BitwiseANDOfNumbersRange.cpp">
      <Filter>Source Files</Filter>
    </ClCompile>
    <ClCompile Include="00202_HappyNumber.cpp">
      <Filter>Source Files</Filter>
    </ClCompile>
    <ClCompile Include="00206_ReverseLinkedList.cpp">
      <Filter>Source Files</Filter>
    </ClCompile>
    <ClCompile Include="00207_CourseSchedule.cpp">
      <Filter>Source Files</Filter>
    </ClCompile>
    <ClCompile Include="00208_ImplementTriePrefixTree.cpp">
      <Filter>Source Files</Filter>
    </ClCompile>
    <ClCompile Include="00209_MinimumSizeSubarraySum.cpp">
      <Filter>Source Files</Filter>
    </ClCompile>
    <ClCompile Include="00210_CourseScheduleII.cpp">
      <Filter>Source Files</Filter>
    </ClCompile>
    <ClCompile Include="00211_DesignAddAndSearchWordsDataStructure.cpp">
      <Filter>Source Files</Filter>
    </ClCompile>
    <ClCompile Include="00212_WordSearchII.cpp">
      <Filter>Source Files</Filter>
    </ClCompile>
    <ClCompile Include="00213_HouseRobberII.cpp">
      <Filter>Source Files</Filter>
    </ClCompile>
    <ClCompile Include="00215_KthLargestElementInAnArray.cpp">
      <Filter>Source Files</Filter>
    </ClCompile>
    <ClCompile Include="00219_ContainsDuplicateII.cpp">
      <Filter>Source Files</Filter>
    </ClCompile>
    <ClCompile Include="00225_ImplementStackUsingQueues.cpp">
      <Filter>Source Files</Filter>
    </ClCompile>
    <ClCompile Include="00226_InvertBinaryTree.cpp">
      <Filter>Source Files</Filter>
    </ClCompile>
    <ClCompile Include="00229_MajorityElementII.cpp">
      <Filter>Source Files</Filter>
    </ClCompile>
    <ClCompile Include="00230_KthSmallestElementInABST.cpp">
      <Filter>Source Files</Filter>
    </ClCompile>
    <ClCompile Include="00232_ImplementQueueUsingStacks.cpp">
      <Filter>Source Files</Filter>
    </ClCompile>
    <ClCompile Include="00235_LowestCommonAncestorOfABinarySearchTree.cpp">
      <Filter>Source Files</Filter>
    </ClCompile>
    <ClCompile Include="00238_ProductOfArrayExceptSelf.cpp">
      <Filter>Source Files</Filter>
    </ClCompile>
    <ClCompile Include="00239_SlidingWindowMaximum.cpp">
      <Filter>Source Files</Filter>
    </ClCompile>
    <ClCompile Include="00252_MeetingRoom.cpp">
      <Filter>Source Files</Filter>
    </ClCompile>
    <ClCompile Include="00253_MeetingRoomsII.cpp">
      <Filter>Source Files</Filter>
    </ClCompile>
    <ClCompile Include="00261_GraphValidTree.cpp">
      <Filter>Source Files</Filter>
    </ClCompile>
    <ClCompile Include="00268_MissingNumber.cpp">
      <Filter>Source Files</Filter>
    </ClCompile>
    <ClCompile Include="00269_AlienDictionary.cpp">
      <Filter>Source Files</Filter>
    </ClCompile>
    <ClCompile Include="00271_EncodeAndDecodeStrings.cpp">
      <Filter>Source Files</Filter>
    </ClCompile>
    <ClCompile Include="00279_PerfectSquares.cpp">
      <Filter>Source Files</Filter>
    </ClCompile>
    <ClCompile Include="00286_WallsAndGates.cpp">
      <Filter>Source Files</Filter>
    </ClCompile>
    <ClCompile Include="00287_FindTheDuplicateNumber.cpp">
      <Filter>Source Files</Filter>
    </ClCompile>
    <ClCompile Include="00295_FindMedianFromDataStream.cpp">
      <Filter>Source Files</Filter>
    </ClCompile>
    <ClCompile Include="00297_SerializeAndDeserializeBinaryTree.cpp">
      <Filter>Source Files</Filter>
    </ClCompile>
    <ClCompile Include="00300_LongestIncreasingSubsequence.cpp">
      <Filter>Source Files</Filter>
    </ClCompile>
    <ClCompile Include="00304_RangeSumQuery2DImmutable.cpp">
      <Filter>Source Files</Filter>
    </ClCompile>
    <ClCompile Include="00309_BestTimeToBuyAndSellStockWithCooldown.cpp">
      <Filter>Source Files</Filter>
    </ClCompile>
    <ClCompile Include="00310_MinimumHeightTrees.cpp">
      <Filter>Source Files</Filter>
    </ClCompile>
    <ClCompile Include="00312_BurstBalloons.cpp">
      <Filter>Source Files</Filter>
    </ClCompile>
    <ClCompile Include="00322_CoinChange.cpp">
      <Filter>Source Files</Filter>
    </ClCompile>
    <ClCompile Include="00323_NumberOfConnectedComponentsInAnUndirectedGraph.cpp">
      <Filter>Source Files</Filter>
    </ClCompile>
    <ClCompile Include="00329_LongestIncreasingPathInAMatrix.cpp">
      <Filter>Source Files</Filter>
    </ClCompile>
    <ClCompile Include="00332_ReconstructItinerary.cpp">
      <Filter>Source Files</Filter>
    </ClCompile>
    <ClCompile Include="00337_HouseRobberIII.cpp">
      <Filter>Source Files</Filter>
    </ClCompile>
    <ClCompile Include="00338_CountingBits.cpp">
      <Filter>Source Files</Filter>
    </ClCompile>
    <ClCompile Include="00343_IntegerBreak.cpp">
      <Filter>Source Files</Filter>
    </ClCompile>
    <ClCompile Include="00344_ReverseString.cpp">
      <Filter>Source Files</Filter>
    </ClCompile>
    <ClCompile Include="00347_TopKFrequentElements.cpp">
      <Filter>Source Files</Filter>
    </ClCompile>
    <ClCompile Include="00355_DesignTwitter.cpp">
      <Filter>Source Files</Filter>
    </ClCompile>
    <ClCompile Include="00371_SumOfTwoIntegers.cpp">
      <Filter>Source Files</Filter>
    </ClCompile>
    <ClCompile Include="00374_GuessNumberHigherOrLower.cpp">
      <Filter>Source Files</Filter>
    </ClCompile>
    <ClCompile Include="00377_CombinationSumIV.cpp">
      <Filter>Source Files</Filter>
    </ClCompile>
    <ClCompile Include="00394_DecodeString.cpp">
      <Filter>Source Files</Filter>
    </ClCompile>
    <ClCompile Include="00399_EvaluateDivision.cpp">
      <Filter>Source Files</Filter>
    </ClCompile>
    <ClCompile Include="00406_QueueReconstructionByHeight.cpp">
      <Filter>Source Files</Filter>
    </ClCompile>
    <ClCompile Include="00410_SplitArrayLargestSum.cpp">
      <Filter>Source Files</Filter>
    </ClCompile>
    <ClCompile Include="00413_ArithmeticSlices.cpp">
      <Filter>Source Files</Filter>
    </ClCompile>
    <ClCompile Include="00416_PartitionEqualSubsetSum.cpp">
      <Filter>Source Files</Filter>
    </ClCompile>
    <ClCompile Include="00417_PacificAtlanticWaterFlow.cpp">
      <Filter>Source Files</Filter>
    </ClCompile>
    <ClCompile Include="00424_LongestRepeatingCharacterReplacement.cpp">
      <Filter>Source Files</Filter>
    </ClCompile>
    <ClCompile Include="00427_ConstructQuadTree.cpp">
      <Filter>Source Files</Filter>
    </ClCompile>
    <ClCompile Include="00428_SerializeAndDeserializeNaryTree.cpp">
      <Filter>Source Files</Filter>
    </ClCompile>
    <ClCompile Include="00435_NonOverlappingIntervals.cpp">
      <Filter>Source Files</Filter>
    </ClCompile>
    <ClCompile Include="00442_FindAllDuplicatesInAnArray.cpp">
      <Filter>Source Files</Filter>
    </ClCompile>
    <ClCompile Include="00446_ArithmeticSlicesIiSubsequence.cpp">
      <Filter>Source Files</Filter>
    </ClCompile>
    <ClCompile Include="00450_DeleteNodeInABST.cpp">
      <Filter>Source Files</Filter>
    </ClCompile>
    <ClCompile Include="00451_SortCharactersByFrequency.cpp">
      <Filter>Source Files</Filter>
    </ClCompile>
    <ClCompile Include="00452_MinimumNumberOfArrowsToBurstBalloons.cpp">
      <Filter>Source Files</Filter>
    </ClCompile>
    <ClCompile Include="00455_AssignCookies.cpp">
      <Filter>Source Files</Filter>
    </ClCompile>
    <ClCompile Include="00460_LFUCache.cpp">
      <Filter>Source Files</Filter>
    </ClCompile>
    <ClCompile Include="00463_IslandPerimeter.cpp">
      <Filter>Source Files</Filter>
    </ClCompile>
    <ClCompile Include="00473_MatchsticksToSquare.cpp">
      <Filter>Source Files</Filter>
    </ClCompile>
    <ClCompile Include="00474_OnesAndZeroes.cpp">
      <Filter>Source Files</Filter>
    </ClCompile>
    <ClCompile Include="00480_SlidingWindowMedian.cpp">
      <Filter>Source Files</Filter>
    </ClCompile>
    <ClCompile Include="00494_TargetSum.cpp">
      <Filter>Source Files</Filter>
    </ClCompile>
    <ClCompile Include="00502_Ipo.cpp">
      <Filter>Source Files</Filter>
    </ClCompile>
    <ClCompile Include="00509_FibonacciNumber.cpp">
      <Filter>Source Files</Filter>
    </ClCompile>
    <ClCompile Include="00513_FindBottomLeftTreeValue.cpp">
      <Filter>Source Files</Filter>
    </ClCompile>
    <ClCompile Include="00516_LongestPalindromicSubsequence.cpp">
      <Filter>Source Files</Filter>
    </ClCompile>
    <ClCompile Include="00518_CoinChangeIi.cpp">
      <Filter>Source Files</Filter>
    </ClCompile>
    <ClCompile Include="00525_ContiguousArray.cpp">
      <Filter>Source Files</Filter>
    </ClCompile>
    <ClCompile Include="00543_DiameterOfBinaryTree.cpp">
      <Filter>Source Files</Filter>
    </ClCompile>
    <ClCompile Include="00560_SubarraySumEqualsK.cpp">
      <Filter>Source Files</Filter>
    </ClCompile>
    <ClCompile Include="00567_PermutationInString.cpp">
      <Filter>Source Files</Filter>
    </ClCompile>
    <ClCompile Include="00572_SubtreeOfAnotherTree.cpp">
      <Filter>Source Files</Filter>
    </ClCompile>
    <ClCompile Include="00576_OutOfBoundaryPaths.cpp">
      <Filter>Source Files</Filter>
    </ClCompile>
    <ClCompile Include="00606_ConstructStringFromBinaryTree.cpp">
      <Filter>Source Files</Filter>
    </ClCompile>
    <ClCompile Include="00621_TaskScheduler.cpp">
      <Filter>Source Files</Filter>
    </ClCompile>
    <ClCompile Include="00622_DesignCircularQueue.cpp">
      <Filter>Source Files</Filter>
    </ClCompile>
    <ClCompile Include="00629_KInversePairsArray.cpp">
      <Filter>Source Files</Filter>
    </ClCompile>
    <ClCompile Include="00645_SetMismatch.cpp">
      <Filter>Source Files</Filter>
    </ClCompile>
    <ClCompile Include="00647_PalindromicSubstrings.cpp">
      <Filter>Source Files</Filter>
    </ClCompile>
    <ClCompile Include="00649_Dota2Senate.cpp">
      <Filter>Source Files</Filter>
    </ClCompile>
    <ClCompile Include="00658_FindKClosestElements.cpp">
      <Filter>Source Files</Filter>
    </ClCompile>
    <ClCompile Include="00661_ImageSmoother.cpp">
      <Filter>Source Files</Filter>
    </ClCompile>
    <ClCompile Include="00678_ValidParenthesisString.cpp">
      <Filter>Source Files</Filter>
    </ClCompile>
    <ClCompile Include="00680_ValidPalindromeII.cpp">
      <Filter>Source Files</Filter>
    </ClCompile>
    <ClCompile Include="00682_BaseballGame.cpp">
      <Filter>Source Files</Filter>
    </ClCompile>
    <ClCompile Include="00684_RedundantConnection.cpp">
      <Filter>Source Files</Filter>
    </ClCompile>
    <ClCompile Include="00695_MaxAreaOfIsland.cpp">
      <Filter>Source Files</Filter>
    </ClCompile>
    <ClCompile Include="00698_PartitionToKEqualSumSubsets.cpp">
      <Filter>Source Files</Filter>
    </ClCompile>
    <ClCompile Include="00701_InsertIntoABinarySearchTree.cpp">
      <Filter>Source Files</Filter>
    </ClCompile>
    <ClCompile Include="00703_KthLargestElementInAStream.cpp">
      <Filter>Source Files</Filter>
    </ClCompile>
    <ClCompile Include="00704_BinarySearch.cpp">
      <Filter>Source Files</Filter>
    </ClCompile>
    <ClCompile Include="00705_DesignHashSet.cpp">
      <Filter>Source Files</Filter>
    </ClCompile>
    <ClCompile Include="00706_DesignHashMap.cpp">
      <Filter>Source Files</Filter>
    </ClCompile>
    <ClCompile Include="00707_DesignLinkedList.cpp">
      <Filter>Source Files</Filter>
    </ClCompile>
    <ClCompile Include="00721_AccountsMerge.cpp">
      <Filter>Source Files</Filter>
    </ClCompile>
    <ClCompile Include="00724_FindPivotIndex.cpp">
      <Filter>Source Files</Filter>
    </ClCompile>
    <ClCompile Include="00729_MyCalendarI.cpp">
      <Filter>Source Files</Filter>
    </ClCompile>
    <ClCompile Include="00735_AsteroidCollision.cpp">
      <Filter>Source Files</Filter>
    </ClCompile>
    <ClCompile Include="00739_DailyTemperatures.cpp">
      <Filter>Source Files</Filter>
    </ClCompile>
    <ClCompile Include="00743_NetworkDelayTime.cpp">
      <Filter>Source Files</Filter>
    </ClCompile>
    <ClCompile Include="00745_PrefixAndSuffixSearch.cpp">
      <Filter>Source Files</Filter>
    </ClCompile>
    <ClCompile Include="00746_MinCostClimbingStairs.cpp">
      <Filter>Source Files</Filter>
    </ClCompile>
    <ClCompile Include="00752_OpenTheLock.cpp">
      <Filter>Source Files</Filter>
    </ClCompile>
    <ClCompile Include="00763_PartitionLabels.cpp">
      <Filter>Source Files</Filter>
    </ClCompile>
    <ClCompile Include="00767_ReorganizeString.cpp">
      <Filter>Source Files</Filter>
    </ClCompile>
    <ClCompile Include="00778_SwimInRisingWater.cpp">
      <Filter>Source Files</Filter>
    </ClCompile>
    <ClCompile Include="00787_CheapestFlightsWithinKStops.cpp">
      <Filter>Source Files</Filter>
    </ClCompile>
    <ClCompile Include="00846_HandOfStraights.cpp">
      <Filter>Source Files</Filter>
    </ClCompile>
    <ClCompile Include="00853_CarFleet.cpp">
      <Filter>Source Files</Filter>
    </ClCompile>
    <ClCompile Include="00860_LemonadeChange.cpp">
      <Filter>Source Files</Filter>
    </ClCompile>
    <ClCompile Include="00867_TransposeMatrix.cpp">
      <Filter>Source Files</Filter>
    </ClCompile>
    <ClCompile Include="00872_LeafSimilarTrees.cpp">
      <Filter>Source Files</Filter>
    </ClCompile>
    <ClCompile Include="00875_KokoEatingBananas.cpp">
      <Filter>Source Files</Filter>
    </ClCompile>
    <ClCompile Include="00876_MiddleOfTheLinkedList.cpp">
      <Filter>Source Files</Filter>
    </ClCompile>
    <ClCompile Include="00877_StoneGame.cpp">
      <Filter>Source Files</Filter>
    </ClCompile>
    <ClCompile Include="00881_BoatsToSavePeople.cpp">
      <Filter>Source Files</Filter>
    </ClCompile>
    <ClCompile Include="00895_MaximumFrequencyStack.cpp">
      <Filter>Source Files</Filter>
    </ClCompile>
    <ClCompile Include="00901_OnlineStockSpan.cpp">
      <Filter>Source Files</Filter>
    </ClCompile>
    <ClCompile Include="00907_SumOfSubarrayMinimums.cpp">
      <Filter>Source Files</Filter>
    </ClCompile>
    <ClCompile Include="00912_SortAnArray.cpp">
      <Filter>Source Files</Filter>
    </ClCompile>
    <ClCompile Include="00918_MaximumSumCircularSubarray.cpp">
      <Filter>Source Files</Filter>
    </ClCompile>
    <ClCompile Include="00930_BinarySubarraysWithSum.cpp">
      <Filter>Source Files</Filter>
    </ClCompile>
    <ClCompile Include="00931_MinimumFallingPathSum.cpp">
      <Filter>Source Files</Filter>
    </ClCompile>
    <ClCompile Include="00938_RangeSumOfBst.cpp">
      <Filter>Source Files</Filter>
    </ClCompile>
    <ClCompile Include="00948_MediumBagOfTokens.cpp">
      <Filter>Source Files</Filter>
    </ClCompile>
    <ClCompile Include="00953_VerifyingAnAlienDictionary.cpp">
      <Filter>Source Files</Filter>
    </ClCompile>
    <ClCompile Include="00973_KClosestPointsToOrigin.cpp">
      <Filter>Source Files</Filter>
    </ClCompile>
    <ClCompile Include="00977_SquaresOfASortedArray.cpp">
      <Filter>Source Files</Filter>
    </ClCompile>
    <ClCompile Include="00978_LongestTurbulentSubarray.cpp">
      <Filter>Source Files</Filter>
    </ClCompile>
    <ClCompile Include="00981_TimeBasedKeyValueStore.cpp">
      <Filter>Source Files</Filter>
    </ClCompile>
    <ClCompile Include="00983_MinimumCostForTickets.cpp">
      <Filter>Source Files</Filter>
    </ClCompile>
    <ClCompile Include="00992_SubarraysWithKDifferentIntegers.cpp">
      <Filter>Source Files</Filter>
    </ClCompile>
    <ClCompile Include="00994_RottingOranges.cpp">
      <Filter>Source Files</Filter>
    </ClCompile>
    <ClCompile Include="00997_FindTheTownJudge.cpp">
      <Filter>Source Files</Filter>
    </ClCompile>
    <ClCompile Include="01002_FindCommonCharacters.cpp">
      <Filter>Source Files</Filter>
    </ClCompile>
    <ClCompile Include="01011_CapacityToShipPackagesWithinDDays.cpp">
      <Filter>Source Files</Filter>
    </ClCompile>
    <ClCompile Include="01026_MaximumDifferenceBetweenNodeAndAncestor.cpp">
      <Filter>Source Files</Filter>
    </ClCompile>
    <ClCompile Include="01043_PartitionArrayForMaximumSum.cpp">
      <Filter>Source Files</Filter>
    </ClCompile>
    <ClCompile Include="01046_LastStoneWeight.cpp">
      <Filter>Source Files</Filter>
    </ClCompile>
    <ClCompile Include="01049_LastStoneWeightIi.cpp">
      <Filter>Source Files</Filter>
    </ClCompile>
    <ClCompile Include="01071_GreatestCommonDivisorOfStrings.cpp">
      <Filter>Source Files</Filter>
    </ClCompile>
    <ClCompile Include="01074_NumberOfSubmatricesThatSumToTarget.cpp">
      <Filter>Source Files</Filter>
    </ClCompile>
    <ClCompile Include="01092_ShortestCommonSupersequence.cpp">
      <Filter>Source Files</Filter>
    </ClCompile>
    <ClCompile Include="01094_CarPooling.cpp">
      <Filter>Source Files</Filter>
    </ClCompile>
    <ClCompile Include="01095_FindInMountainArray.cpp">
      <Filter>Source Files</Filter>
    </ClCompile>
    <ClCompile Include="01137_NthTribonacciNumber.cpp">
      <Filter>Source Files</Filter>
    </ClCompile>
    <ClCompile Include="01140_StoneGameII.cpp">
      <Filter>Source Files</Filter>
    </ClCompile>
    <ClCompile Include="01143_LongestCommonSubsequence.cpp">
      <Filter>Source Files</Filter>
    </ClCompile>
    <ClCompile Include="01155_NumberOfDiceRollsWithTargetSum.cpp">
      <Filter>Source Files</Filter>
    </ClCompile>
    <ClCompile Include="01171_RemoveZeroSumConsecutiveNodesFromLinkedList.cpp">
      <Filter>Source Files</Filter>
    </ClCompile>
    <ClCompile Include="01203_SortItemsbyGroupsRespectingDependencies.cpp">
      <Filter>Source Files</Filter>
    </ClCompile>
    <ClCompile Include="01207_UniqueNumberOfOccurrences.cpp">
      <Filter>Source Files</Filter>
    </ClCompile>
    <ClCompile Include="01235_MaximumProfitInJobScheduling.cpp">
      <Filter>Source Files</Filter>
    </ClCompile>
    <ClCompile Include="01239_MaximumLengthOfAConcatenatedStringWithUniqueCharacters.cpp">
      <Filter>Source Files</Filter>
    </ClCompile>
    <ClCompile Include="01249_MinimumRemoveToMakeValidParentheses.cpp">
      <Filter>Source Files</Filter>
    </ClCompile>
    <ClCompile Include="01287_ElementAppearingMoreThan25InSortedArray.cpp">
      <Filter>Source Files</Filter>
    </ClCompile>
    <ClCompile Include="01291_SequentialDigits.cpp">
      <Filter>Source Files</Filter>
    </ClCompile>
    <ClCompile Include="01325_DeleteLeavesWithAGivenValue.cpp">
      <Filter>Source Files</Filter>
    </ClCompile>
    <ClCompile Include="01335_MinimumDifficultyOfAJobSchedule.cpp">
      <Filter>Source Files</Filter>
    </ClCompile>
    <ClCompile Include="01343_NumberOfSubArraysOfSizeKAndAverageGreaterThanOrEqualToThreshold.cpp">
      <Filter>Source Files</Filter>
    </ClCompile>
    <ClCompile Include="01347_MinimumNumberOfStepsToMakeTwoStringsAnagram.cpp">
      <Filter>Source Files</Filter>
    </ClCompile>
    <ClCompile Include="01405_LongestHappyString.cpp">
      <Filter>Source Files</Filter>
    </ClCompile>
    <ClCompile Include="01406_StoneGameIII.cpp">
      <Filter>Source Files</Filter>
    </ClCompile>
    <ClCompile Include="01422_MaximumScoreAfterSplittingAString.cpp">
      <Filter>Source Files</Filter>
    </ClCompile>
    <ClCompile Include="01436_DestinationCity.cpp">
      <Filter>Source Files</Filter>
    </ClCompile>
    <ClCompile Include="01448_CountGoodNodesInBinaryTree.cpp">
      <Filter>Source Files</Filter>
    </ClCompile>
    <ClCompile Include="01457_PseudoPalindromicPathsInABinaryTree.cpp">
      <Filter>Source Files</Filter>
    </ClCompile>
    <ClCompile Include="01460_MakeTwoArraysEqualByReversingSubarrays.cpp">
      <Filter>Source Files</Filter>
    </ClCompile>
    <ClCompile Include="01462_CourseScheduleIv.cpp">
      <Filter>Source Files</Filter>
    </ClCompile>
    <ClCompile Include="01463_HardCherryPickupIi.cpp">
      <Filter>Source Files</Filter>
    </ClCompile>
    <ClCompile Include="01472_DesignBrowserHistory.cpp">
      <Filter>Source Files</Filter>
    </ClCompile>
    <ClCompile Include="01481_LeastNumberOfUniqueIntegersAfterKRemovals.cpp">
      <Filter>Source Files</Filter>
    </ClCompile>
    <ClCompile Include="01489_FindCriticalAndPseudoCriticalEdgesInMinimumSpanningTree.cpp">
      <Filter>Source Files</Filter>
    </ClCompile>
    <ClCompile Include="01496_PathCrossing.cpp">
      <Filter>Source Files</Filter>
    </ClCompile>
    <ClCompile Include="01514_PathWithMaximumProbability.cpp">
      <Filter>Source Files</Filter>
    </ClCompile>
    <ClCompile Include="01531_StringCompressionIi.cpp">
      <Filter>Source Files</Filter>
    </ClCompile>
    <ClCompile Include="01550_ThreeConsecutiveOdds.cpp">
      <Filter>Source Files</Filter>
    </ClCompile>
    <ClCompile Include="01578_MinimumTimeToMakeRopeColorful.cpp">
      <Filter>Source Files</Filter>
    </ClCompile>
    <ClCompile Include="01582_SpecialPositionsInABinaryMatrix.cpp">
      <Filter>Source Files</Filter>
    </ClCompile>
    <ClCompile Include="01584_MinCostToConnectAllPoints.cpp">
      <Filter>Source Files</Filter>
    </ClCompile>
    <ClCompile Include="01609_EvenOddTree.cpp">
      <Filter>Source Files</Filter>
    </ClCompile>
    <ClCompile Include="01624_LargestSubstringBetweenTwoEqualCharacters.cpp">
      <Filter>Source Files</Filter>
    </ClCompile>
    <ClCompile Include="01631_PathWithMinimumEffort.cpp">
      <Filter>Source Files</Filter>
    </ClCompile>
    <ClCompile Include="01637_WidestVerticalAreaBetweenTwoPointsContainingNoPointsnts.cpp">
      <Filter>Source Files</Filter>
    </ClCompile>
    <ClCompile Include="01642_FurthestBuildingYouCanReach.cpp">
      <Filter>Source Files</Filter>
    </ClCompile>
    <ClCompile Include="01657_DetermineIfTwoStringsAreClose.cpp">
      <Filter>Source Files</Filter>
    </ClCompile>
    <ClCompile Include="01669_MergeInBetweenLinkedLists.cpp">
      <Filter>Source Files</Filter>
    </ClCompile>
    <ClCompile Include="01688_CountOfMatchesInTournament.cpp">
      <Filter>Source Files</Filter>
    </ClCompile>
    <ClCompile Include="01700_NumberOfStudentsUnableToEatLunch.cpp">
      <Filter>Source Files</Filter>
    </ClCompile>
    <ClCompile Include="01704_DetermineIfStringHalvesAreAlike.cpp">
      <Filter>Source Files</Filter>
    </ClCompile>
    <ClCompile Include="01716_CalculateMoneyInLeetcodeBank.cpp">
      <Filter>Source Files</Filter>
    </ClCompile>
    <ClCompile Include="01750_MinimumLengthOfStringAfterDeletingSimilarEnds.cpp">
      <Filter>Source Files</Filter>
    </ClCompile>
    <ClCompile Include="01758_MinimumChangesToMakeAlternatingBinaryString.cpp">
      <Filter>Source Files</Filter>
    </ClCompile>
    <ClCompile Include="01768_MergeStringsAlternately.cpp">
      <Filter>Source Files</Filter>
    </ClCompile>
    <ClCompile Include="01834_SingleThreadedCPU.cpp">
      <Filter>Source Files</Filter>
    </ClCompile>
    <ClCompile Include="01851_MinimumIntervalToIncludeEachQuery.cpp">
      <Filter>Source Files</Filter>
    </ClCompile>
    <ClCompile Include="01863_SumOfAllSubsetXORTotals.cpp">
      <Filter>Source Files</Filter>
    </ClCompile>
    <ClCompile Include="01871_JumpGameVII.cpp">
      <Filter>Source Files</Filter>
    </ClCompile>
    <ClCompile Include="01897_RedistributeCharactersToMakeAllStringsEqual.cpp">
      <Filter>Source Files</Filter>
    </ClCompile>
    <ClCompile Include="01899_MergeTripletsToFormTargetTriplet.cpp">
      <Filter>Source Files</Filter>
    </ClCompile>
    <ClCompile Include="01903_LargestOddNumberInString.cpp">
      <Filter>Source Files</Filter>
    </ClCompile>
    <ClCompile Include="01913_MaximumProductDifferenceBetweenTwoPairs.cpp">
      <Filter>Source Files</Filter>
    </ClCompile>
    <ClCompile Include="01929_ConcatenationOfArray.cpp">
      <Filter>Source Files</Filter>
    </ClCompile>
    <ClCompile Include="02013_DetectSquares.cpp">
      <Filter>Source Files</Filter>
    </ClCompile>
    <ClCompile Include="02053_KthDistinctStringInAnArray.cpp">
      <Filter>Source Files</Filter>
    </ClCompile>
    <ClCompile Include="02092_FindAllPeopleWithSecret.cpp">
      <Filter>Source Files</Filter>
    </ClCompile>
    <ClCompile Include="02108_EasyFindFirstPalindromicStringInTheArray.cpp">
      <Filter>Source Files</Filter>
    </ClCompile>
    <ClCompile Include="02125_NumberOfLaserBeamsInABank.cpp">
      <Filter>Source Files</Filter>
    </ClCompile>
    <ClCompile Include="02130_MaximumTwinSumOfALinkedList.cpp">
      <Filter>Source Files</Filter>
    </ClCompile>
    <ClCompile Include="02149_RearrangeArrayElementsBySign.cpp">
      <Filter>Source Files</Filter>
    </ClCompile>
    <ClCompile Include="02225_FindPlayersWithZeroOrOneLosses.cpp">
      <Filter>Source Files</Filter>
    </ClCompile>
    <ClCompile Include="02264_Largest3SameDigitNumberInString.cpp">
      <Filter>Source Files</Filter>
    </ClCompile>
    <ClCompile Include="02353_DesignAFoodRatingSystem.cpp">
      <Filter>Source Files</Filter>
    </ClCompile>
    <ClCompile Include="02385_AmountOfTimeForBinaryTreeToBeInfected.cpp">
      <Filter>Source Files</Filter>
    </ClCompile>
    <ClCompile Include="02392_BuildAMatrixWithConditions.cpp">
      <Filter>Source Files</Filter>
    </ClCompile>
    <ClCompile Include="02402_MeetingRoomsIii.cpp">
      <Filter>Source Files</Filter>
    </ClCompile>
    <ClCompile Include="02407_LongestIncreasingSubsequenceIi.cpp">
      <Filter>Source Files</Filter>
    </ClCompile>
    <ClCompile Include="02444_CountSubarraysWithFixedBounds.cpp">
      <Filter>Source Files</Filter>
    </ClCompile>
    <ClCompile Include="02482_DifferenceBetweenOnesAndZerosInRowAndColumn.cpp">
      <Filter>Source Files</Filter>
    </ClCompile>
    <ClCompile Include="02485_FindThePivotInteger.cpp">
      <Filter>Source Files</Filter>
    </ClCompile>
    <ClCompile Include="02610_ConvertAnArrayIntoA2dArrayWithConditions.cpp">
      <Filter>Source Files</Filter>
    </ClCompile>
    <ClCompile Include="02706_BuyTwoChocolates.cpp">
      <Filter>Source Files</Filter>
    </ClCompile>
    <ClCompile Include="02707_ExtraCharactersInAString.cpp">
      <Filter>Source Files</Filter>
    </ClCompile>
    <ClCompile Include="02709_GreatestCommonDivisorTraversal.cpp">
      <Filter>Source Files</Filter>
    </ClCompile>
    <ClCompile Include="02807_InsertGreatestCommonDivisorsInLinkedList.cpp">
      <Filter>Source Files</Filter>
    </ClCompile>
    <ClCompile Include="02864_MaximumOddBinaryNumber.cpp">
      <Filter>Source Files</Filter>
    </ClCompile>
    <ClCompile Include="02870_MinimumNumberOfOperationsToMakeArrayEmpty.cpp">
      <Filter>Source Files</Filter>
    </ClCompile>
    <ClCompile Include="02958_LengthOfLongestSubarrayWithAtMostKFrequency.cpp">
      <Filter>Source Files</Filter>
    </ClCompile>
    <ClCompile Include="02962_CountSubarraysWhereMaxElementAppearsAtLeastKTimes.cpp">
      <Filter>Source Files</Filter>
    </ClCompile>
    <ClCompile Include="02966_DivideArrayIntoArraysWithMaxDifference.cpp">
      <Filter>Source Files</Filter>
    </ClCompile>
    <ClCompile Include="02971_FindPolygonWithTheLargestPerimeter.cpp">
      <Filter>Source Files</Filter>
    </ClCompile>
    <ClCompile Include="03133_MinimumArrayEnd.cpp">
      <Filter>Source Files</Filter>
    </ClCompile>
  </ItemGroup>
</Project>