<?xml version="1.0" encoding="utf-8"?>
<Project ToolsVersion="4.0" xmlns="http://schemas.microsoft.com/developer/msbuild/2003">
  <ItemGroup>
    <Filter Include="Source Files">
      <UniqueIdentifier>{4FC737F1-C7A5-4376-A066-2A32D752A2FF}</UniqueIdentifier>
      <Extensions>cpp;c;cc;cxx;c++;cppm;ixx;def;odl;idl;hpj;bat;asm;asmx</Extensions>
    </Filter>
    <Filter Include="Header Files">
      <UniqueIdentifier>{93995380-89BD-4b04-88EB-625FBE52EBFB}</UniqueIdentifier>
      <Extensions>h;hh;hpp;hxx;h++;hm;inl;inc;ipp;xsd</Extensions>
    </Filter>
    <Filter Include="Resource Files">
      <UniqueIdentifier>{67DA6AB6-F800-4c08-8B7A-83BB121AAD01}</UniqueIdentifier>
      <Extensions>rc;ico;cur;bmp;dlg;rc2;rct;bin;rgs;gif;jpg;jpeg;jpe;resx;tiff;tif;png;wav;mfcribbon-ms</Extensions>
    </Filter>
  </ItemGroup>
  <ItemGroup>
    <ClCompile Include="LeetCode.cpp">
      <Filter>Source Files</Filter>
    </ClCompile>
  </ItemGroup>
  <ItemGroup>
    <ClInclude Include="00001_TwoSum.hpp">
      <Filter>Header Files</Filter>
    </ClInclude>
    <ClInclude Include="00002_AddTwoNumbers.hpp">
      <Filter>Header Files</Filter>
    </ClInclude>
    <ClInclude Include="00003_LongestSubstringWithoutRepeatingCharacters.hpp">
      <Filter>Header Files</Filter>
    </ClInclude>
    <ClInclude Include="00004_MedianOfTwoSortedArrays.hpp">
      <Filter>Header Files</Filter>
    </ClInclude>
    <ClInclude Include="00005_LongestPalindromicSubstring.hpp">
      <Filter>Header Files</Filter>
    </ClInclude>
    <ClInclude Include="00007_ReverseInteger.hpp">
      <Filter>Header Files</Filter>
    </ClInclude>
    <ClInclude Include="00010_RegularExpressionMatching.hpp">
      <Filter>Header Files</Filter>
    </ClInclude>
    <ClInclude Include="00011_ContainerWithMostWater.hpp">
      <Filter>Header Files</Filter>
    </ClInclude>
    <ClInclude Include="00013_RomanToInteger.hpp">
      <Filter>Header Files</Filter>
    </ClInclude>
    <ClInclude Include="00014_LongestCommonPrefix.hpp">
      <Filter>Header Files</Filter>
    </ClInclude>
    <ClInclude Include="00015_3Sum.hpp">
      <Filter>Header Files</Filter>
    </ClInclude>
    <ClInclude Include="00017_LetterCombinationsOfAPhoneNumber.hpp">
      <Filter>Header Files</Filter>
    </ClInclude>
    <ClInclude Include="00018_4Sum.hpp">
      <Filter>Header Files</Filter>
    </ClInclude>
    <ClInclude Include="00019_RemoveNthNodeFromEndOfList.hpp">
      <Filter>Header Files</Filter>
    </ClInclude>
    <ClInclude Include="00020_ValidParentheses.hpp">
      <Filter>Header Files</Filter>
    </ClInclude>
    <ClInclude Include="00021_MergeTwoSortedLists.hpp">
      <Filter>Header Files</Filter>
    </ClInclude>
    <ClInclude Include="00022_GenerateParentheses.hpp">
      <Filter>Header Files</Filter>
    </ClInclude>
    <ClInclude Include="00023_MergeKSortedLists.hpp">
      <Filter>Header Files</Filter>
    </ClInclude>
    <ClInclude Include="00025_ReverseNodesInKGroup.hpp">
      <Filter>Header Files</Filter>
    </ClInclude>
    <ClInclude Include="00026_RemoveDuplicatesFromSortedArray.hpp">
      <Filter>Header Files</Filter>
    </ClInclude>
    <ClInclude Include="00027_RemoveElement.hpp">
      <Filter>Header Files</Filter>
    </ClInclude>
    <ClInclude Include="00033_SearchInRotatedSortedArray.hpp">
      <Filter>Header Files</Filter>
    </ClInclude>
    <ClInclude Include="00035_SearchInsertPosition.hpp">
      <Filter>Header Files</Filter>
    </ClInclude>
    <ClInclude Include="00036_ValidSudoku.hpp">
      <Filter>Header Files</Filter>
    </ClInclude>
    <ClInclude Include="00039_CombinationSum.hpp">
      <Filter>Header Files</Filter>
    </ClInclude>
    <ClInclude Include="00040_CombinationSumII.hpp">
      <Filter>Header Files</Filter>
    </ClInclude>
    <ClInclude Include="00041_FirstMissingPositive.hpp">
      <Filter>Header Files</Filter>
    </ClInclude>
    <ClInclude Include="00042_TrappingRainWater.hpp">
      <Filter>Header Files</Filter>
    </ClInclude>
    <ClInclude Include="00043_MultiplyStrings.hpp">
      <Filter>Header Files</Filter>
    </ClInclude>
    <ClInclude Include="00045_JumpGameII.hpp">
      <Filter>Header Files</Filter>
    </ClInclude>
    <ClInclude Include="00046_Permutations.hpp">
      <Filter>Header Files</Filter>
    </ClInclude>
    <ClInclude Include="00047_PermutationsII.hpp">
      <Filter>Header Files</Filter>
    </ClInclude>
    <ClInclude Include="00048_RotateImage.hpp">
      <Filter>Header Files</Filter>
    </ClInclude>
    <ClInclude Include="00049_GroupAnagrams.hpp">
      <Filter>Header Files</Filter>
    </ClInclude>
    <ClInclude Include="00050_PowxN.hpp">
      <Filter>Header Files</Filter>
    </ClInclude>
    <ClInclude Include="00051_NQueens.hpp">
      <Filter>Header Files</Filter>
    </ClInclude>
    <ClInclude Include="00052_NQueensII.hpp">
      <Filter>Header Files</Filter>
    </ClInclude>
    <ClInclude Include="00053_MaximumSubarray.hpp">
      <Filter>Header Files</Filter>
    </ClInclude>
    <ClInclude Include="00054_SpiralMatrix.hpp">
      <Filter>Header Files</Filter>
    </ClInclude>
    <ClInclude Include="00055_JumpGame.hpp">
      <Filter>Header Files</Filter>
    </ClInclude>
    <ClInclude Include="00056_MergeIntervals.hpp">
      <Filter>Header Files</Filter>
    </ClInclude>
    <ClInclude Include="00057_InsertInterval.hpp">
      <Filter>Header Files</Filter>
    </ClInclude>
    <ClInclude Include="00062_UniquePaths.hpp">
      <Filter>Header Files</Filter>
    </ClInclude>
    <ClInclude Include="00063_UniquePathsII.hpp">
      <Filter>Header Files</Filter>
    </ClInclude>
    <ClInclude Include="00064_MinimumPathSum.hpp">
      <Filter>Header Files</Filter>
    </ClInclude>
    <ClInclude Include="00066_PlusOne.hpp">
      <Filter>Header Files</Filter>
    </ClInclude>
    <ClInclude Include="00067_AddBinary.hpp">
      <Filter>Header Files</Filter>
    </ClInclude>
    <ClInclude Include="00069_Sqrtx.hpp">
      <Filter>Header Files</Filter>
    </ClInclude>
    <ClInclude Include="00070_ClimbingStairs.hpp">
      <Filter>Header Files</Filter>
    </ClInclude>
    <ClInclude Include="00071_SimplifyPath.hpp">
      <Filter>Header Files</Filter>
    </ClInclude>
    <ClInclude Include="00072_EditDistance.hpp">
      <Filter>Header Files</Filter>
    </ClInclude>
    <ClInclude Include="00073_SetMatrixZeroes.hpp">
      <Filter>Header Files</Filter>
    </ClInclude>
    <ClInclude Include="00074_SearchA2DMatrix.hpp">
      <Filter>Header Files</Filter>
    </ClInclude>
    <ClInclude Include="00075_SortColors.hpp">
      <Filter>Header Files</Filter>
    </ClInclude>
    <ClInclude Include="00076_MinimumWindowSubstring.hpp">
      <Filter>Header Files</Filter>
    </ClInclude>
    <ClInclude Include="00077_Combinations.hpp">
      <Filter>Header Files</Filter>
    </ClInclude>
    <ClInclude Include="00078_Subsets.hpp">
      <Filter>Header Files</Filter>
    </ClInclude>
    <ClInclude Include="00079_WordSearch.hpp">
      <Filter>Header Files</Filter>
    </ClInclude>
    <ClInclude Include="00081_SearchInRotatedSortedArrayII.hpp">
      <Filter>Header Files</Filter>
    </ClInclude>
    <ClInclude Include="00084_LargestRectangleInHistogram.hpp">
      <Filter>Header Files</Filter>
    </ClInclude>
    <ClInclude Include="00088_MergeSortedArray.hpp">
      <Filter>Header Files</Filter>
    </ClInclude>
    <ClInclude Include="00090_SubsetsII.hpp">
      <Filter>Header Files</Filter>
    </ClInclude>
    <ClInclude Include="00091_DecodeWays.hpp">
      <Filter>Header Files</Filter>
    </ClInclude>
    <ClInclude Include="00092_ReverseLinkedListII.hpp">
      <Filter>Header Files</Filter>
    </ClInclude>
    <ClInclude Include="00094_BinaryTreeInorderTraversal.hpp">
      <Filter>Header Files</Filter>
    </ClInclude>
    <ClInclude Include="00097_InterleavingString.hpp">
      <Filter>Header Files</Filter>
    </ClInclude>
    <ClInclude Include="00098_ValidateBinarySearchTree.hpp">
      <Filter>Header Files</Filter>
    </ClInclude>
    <ClInclude Include="00100_SameTree.hpp">
      <Filter>Header Files</Filter>
    </ClInclude>
    <ClInclude Include="00102_BinaryTreeLevelOrderTraversal.hpp">
      <Filter>Header Files</Filter>
    </ClInclude>
    <ClInclude Include="00104_MaximumDepthOfBinaryTree.hpp">
      <Filter>Header Files</Filter>
    </ClInclude>
    <ClInclude Include="00105_ConstructBinaryTreeFromPreorderAndInorderTraversal.hpp">
      <Filter>Header Files</Filter>
    </ClInclude>
    <ClInclude Include="00110_BalancedBinaryTree.hpp">
      <Filter>Header Files</Filter>
    </ClInclude>
    <ClInclude Include="00115_DistinctSubsequences.hpp">
      <Filter>Header Files</Filter>
    </ClInclude>
    <ClInclude Include="00121_BestTimeToBuyAndSellStock.hpp">
      <Filter>Header Files</Filter>
    </ClInclude>
    <ClInclude Include="00122_BestTimeToBuyAndSellStockII.hpp">
      <Filter>Header Files</Filter>
    </ClInclude>
    <ClInclude Include="00124_BinaryTreeMaximumPathSum.hpp">
      <Filter>Header Files</Filter>
    </ClInclude>
    <ClInclude Include="00125_ValidPalindrome.hpp">
      <Filter>Header Files</Filter>
    </ClInclude>
    <ClInclude Include="00127_WordLadder.hpp">
      <Filter>Header Files</Filter>
    </ClInclude>
    <ClInclude Include="00128_LongestConsecutiveSequence.hpp">
      <Filter>Header Files</Filter>
    </ClInclude>
    <ClInclude Include="00130_SurroundedRegions.hpp">
      <Filter>Header Files</Filter>
    </ClInclude>
    <ClInclude Include="00131_PalindromePartitioning.hpp">
      <Filter>Header Files</Filter>
    </ClInclude>
    <ClInclude Include="00133_CloneGraph.hpp">
      <Filter>Header Files</Filter>
    </ClInclude>
    <ClInclude Include="00134_GasStation.hpp">
      <Filter>Header Files</Filter>
    </ClInclude>
    <ClInclude Include="00135_Candy.hpp">
      <Filter>Header Files</Filter>
    </ClInclude>
    <ClInclude Include="00136_SingleNumber.hpp">
      <Filter>Header Files</Filter>
    </ClInclude>
    <ClInclude Include="00138_CopyListWithRandomPointer.hpp">
      <Filter>Header Files</Filter>
    </ClInclude>
    <ClInclude Include="00139_WordBreak.hpp">
      <Filter>Header Files</Filter>
    </ClInclude>
    <ClInclude Include="00140_WordBreakII.hpp">
      <Filter>Header Files</Filter>
    </ClInclude>
    <ClInclude Include="00141_LinkedListCycle.hpp">
      <Filter>Header Files</Filter>
    </ClInclude>
    <ClInclude Include="00143_ReorderList.hpp">
      <Filter>Header Files</Filter>
    </ClInclude>
    <ClInclude Include="00144_BinaryTreePreorderTraversal.hpp">
      <Filter>Header Files</Filter>
    </ClInclude>
    <ClInclude Include="00145_BinaryTreePostorderTraversal.hpp">
      <Filter>Header Files</Filter>
    </ClInclude>
    <ClInclude Include="00146_LRUCache.hpp">
      <Filter>Header Files</Filter>
    </ClInclude>
    <ClInclude Include="00150_EvaluateReversePolishNotation.hpp">
      <Filter>Header Files</Filter>
    </ClInclude>
    <ClInclude Include="00152_MaximumProductSubarray.hpp">
      <Filter>Header Files</Filter>
    </ClInclude>
    <ClInclude Include="00153_FindMinimumInRotatedSortedArray.hpp">
      <Filter>Header Files</Filter>
    </ClInclude>
    <ClInclude Include="00155_MinStack.hpp">
      <Filter>Header Files</Filter>
    </ClInclude>
    <ClInclude Include="00167_TwoSumIIInputArrayIsSorted.hpp">
      <Filter>Header Files</Filter>
    </ClInclude>
    <ClInclude Include="00168_ExcelSheetColumnTitle.hpp">
      <Filter>Header Files</Filter>
    </ClInclude>
    <ClInclude Include="00169_MajorityElement.hpp">
      <Filter>Header Files</Filter>
    </ClInclude>
    <ClInclude Include="00189_RotateArray.hpp">
      <Filter>Header Files</Filter>
    </ClInclude>
    <ClInclude Include="00190_ReverseBits.hpp">
      <Filter>Header Files</Filter>
    </ClInclude>
    <ClInclude Include="00191_NumberOf1Bits.hpp">
      <Filter>Header Files</Filter>
    </ClInclude>
    <ClInclude Include="00198_HouseRobber.hpp">
      <Filter>Header Files</Filter>
    </ClInclude>
    <ClInclude Include="00199_BinaryTreeRightSideView.hpp">
      <Filter>Header Files</Filter>
    </ClInclude>
    <ClInclude Include="00200_NumberOfIslands.hpp">
      <Filter>Header Files</Filter>
    </ClInclude>
    <ClInclude Include="00201_BitwiseANDOfNumbersRange.hpp">
      <Filter>Header Files</Filter>
    </ClInclude>
    <ClInclude Include="00202_HappyNumber.hpp">
      <Filter>Header Files</Filter>
    </ClInclude>
    <ClInclude Include="00206_ReverseLinkedList.hpp">
      <Filter>Header Files</Filter>
    </ClInclude>
    <ClInclude Include="00207_CourseSchedule.hpp">
      <Filter>Header Files</Filter>
    </ClInclude>
    <ClInclude Include="00208_ImplementTriePrefixTree.hpp">
      <Filter>Header Files</Filter>
    </ClInclude>
    <ClInclude Include="00209_MinimumSizeSubarraySum.hpp">
      <Filter>Header Files</Filter>
    </ClInclude>
    <ClInclude Include="00210_CourseScheduleII.hpp">
      <Filter>Header Files</Filter>
    </ClInclude>
    <ClInclude Include="00211_DesignAddAndSearchWordsDataStructure.hpp">
      <Filter>Header Files</Filter>
    </ClInclude>
    <ClInclude Include="00212_WordSearchII.hpp">
      <Filter>Header Files</Filter>
    </ClInclude>
    <ClInclude Include="00213_HouseRobberII.hpp">
      <Filter>Header Files</Filter>
    </ClInclude>
    <ClInclude Include="00215_KthLargestElementInAnArray.hpp">
      <Filter>Header Files</Filter>
    </ClInclude>
    <ClInclude Include="00219_ContainsDuplicateII.hpp">
      <Filter>Header Files</Filter>
    </ClInclude>
    <ClInclude Include="00225_ImplementStackUsingQueues.hpp">
      <Filter>Header Files</Filter>
    </ClInclude>
    <ClInclude Include="00226_InvertBinaryTree.hpp">
      <Filter>Header Files</Filter>
    </ClInclude>
    <ClInclude Include="00229_MajorityElementII.hpp">
      <Filter>Header Files</Filter>
    </ClInclude>
    <ClInclude Include="00230_KthSmallestElementInABST.hpp">
      <Filter>Header Files</Filter>
    </ClInclude>
    <ClInclude Include="00232_ImplementQueueUsingStacks.hpp">
      <Filter>Header Files</Filter>
    </ClInclude>
    <ClInclude Include="00235_LowestCommonAncestorOfABinarySearchTree.hpp">
      <Filter>Header Files</Filter>
    </ClInclude>
    <ClInclude Include="00238_ProductOfArrayExceptSelf.hpp">
      <Filter>Header Files</Filter>
    </ClInclude>
    <ClInclude Include="00239_SlidingWindowMaximum.hpp">
      <Filter>Header Files</Filter>
    </ClInclude>
    <ClInclude Include="00252_MeetingRoom.hpp">
      <Filter>Header Files</Filter>
    </ClInclude>
    <ClInclude Include="00253_MeetingRoomsII.hpp">
      <Filter>Header Files</Filter>
    </ClInclude>
    <ClInclude Include="00261_GraphValidTree.hpp">
      <Filter>Header Files</Filter>
    </ClInclude>
    <ClInclude Include="00268_MissingNumber.hpp">
      <Filter>Header Files</Filter>
    </ClInclude>
    <ClInclude Include="00269_AlienDictionary.hpp">
      <Filter>Header Files</Filter>
    </ClInclude>
    <ClInclude Include="00271_EncodeAndDecodeStrings.hpp">
      <Filter>Header Files</Filter>
    </ClInclude>
    <ClInclude Include="00279_PerfectSquares.hpp">
      <Filter>Header Files</Filter>
    </ClInclude>
    <ClInclude Include="00286_WallsAndGates.hpp">
      <Filter>Header Files</Filter>
    </ClInclude>
    <ClInclude Include="00287_FindTheDuplicateNumber.hpp">
      <Filter>Header Files</Filter>
    </ClInclude>
    <ClInclude Include="00295_FindMedianFromDataStream.hpp">
      <Filter>Header Files</Filter>
    </ClInclude>
    <ClInclude Include="00297_SerializeAndDeserializeBinaryTree.hpp">
      <Filter>Header Files</Filter>
    </ClInclude>
    <ClInclude Include="00300_LongestIncreasingSubsequence.hpp">
      <Filter>Header Files</Filter>
    </ClInclude>
    <ClInclude Include="00304_RangeSumQuery2DImmutable.hpp">
      <Filter>Header Files</Filter>
    </ClInclude>
    <ClInclude Include="00309_BestTimeToBuyAndSellStockWithCooldown.hpp">
      <Filter>Header Files</Filter>
    </ClInclude>
    <ClInclude Include="00310_MinimumHeightTrees.hpp">
      <Filter>Header Files</Filter>
    </ClInclude>
    <ClInclude Include="00312_BurstBalloons.hpp">
      <Filter>Header Files</Filter>
    </ClInclude>
    <ClInclude Include="00322_CoinChange.hpp">
      <Filter>Header Files</Filter>
    </ClInclude>
    <ClInclude Include="00323_NumberOfConnectedComponentsInAnUndirectedGraph.hpp">
      <Filter>Header Files</Filter>
    </ClInclude>
    <ClInclude Include="00329_LongestIncreasingPathInAMatrix.hpp">
      <Filter>Header Files</Filter>
    </ClInclude>
    <ClInclude Include="00332_ReconstructItinerary.hpp">
      <Filter>Header Files</Filter>
    </ClInclude>
    <ClInclude Include="00337_HouseRobberIII.hpp">
      <Filter>Header Files</Filter>
    </ClInclude>
    <ClInclude Include="00338_CountingBits.hpp">
      <Filter>Header Files</Filter>
    </ClInclude>
    <ClInclude Include="00343_IntegerBreak.hpp">
      <Filter>Header Files</Filter>
    </ClInclude>
    <ClInclude Include="00344_ReverseString.hpp">
      <Filter>Header Files</Filter>
    </ClInclude>
    <ClInclude Include="00347_TopKFrequentElements.hpp">
      <Filter>Header Files</Filter>
    </ClInclude>
    <ClInclude Include="00355_DesignTwitter.hpp">
      <Filter>Header Files</Filter>
    </ClInclude>
    <ClInclude Include="00371_SumOfTwoIntegers.hpp">
      <Filter>Header Files</Filter>
    </ClInclude>
    <ClInclude Include="00374_GuessNumberHigherOrLower.hpp">
      <Filter>Header Files</Filter>
    </ClInclude>
    <ClInclude Include="00377_CombinationSumIV.hpp">
      <Filter>Header Files</Filter>
    </ClInclude>
    <ClInclude Include="00394_DecodeString.hpp">
      <Filter>Header Files</Filter>
    </ClInclude>
    <ClInclude Include="00399_EvaluateDivision.hpp">
      <Filter>Header Files</Filter>
    </ClInclude>
    <ClInclude Include="00406_QueueReconstructionByHeight.hpp">
      <Filter>Header Files</Filter>
    </ClInclude>
    <ClInclude Include="00410_SplitArrayLargestSum.hpp">
      <Filter>Header Files</Filter>
    </ClInclude>
    <ClInclude Include="00413_ArithmeticSlices.hpp">
      <Filter>Header Files</Filter>
    </ClInclude>
    <ClInclude Include="00416_PartitionEqualSubsetSum.hpp">
      <Filter>Header Files</Filter>
    </ClInclude>
    <ClInclude Include="00417_PacificAtlanticWaterFlow.hpp">
      <Filter>Header Files</Filter>
    </ClInclude>
    <ClInclude Include="00424_LongestRepeatingCharacterReplacement.hpp">
      <Filter>Header Files</Filter>
    </ClInclude>
    <ClInclude Include="00427_ConstructQuadTree.hpp">
      <Filter>Header Files</Filter>
    </ClInclude>
    <ClInclude Include="00428_SerializeAndDeserializeNaryTree.hpp">
      <Filter>Header Files</Filter>
    </ClInclude>
    <ClInclude Include="00435_NonOverlappingIntervals.hpp">
      <Filter>Header Files</Filter>
    </ClInclude>
    <ClInclude Include="00442_FindAllDuplicatesInAnArray.hpp">
      <Filter>Header Files</Filter>
    </ClInclude>
    <ClInclude Include="00446_ArithmeticSlicesIiSubsequence.hpp">
      <Filter>Header Files</Filter>
    </ClInclude>
    <ClInclude Include="00450_DeleteNodeInABST.hpp">
      <Filter>Header Files</Filter>
    </ClInclude>
    <ClInclude Include="00451_SortCharactersByFrequency.hpp">
      <Filter>Header Files</Filter>
    </ClInclude>
    <ClInclude Include="00452_MinimumNumberOfArrowsToBurstBalloons.hpp">
      <Filter>Header Files</Filter>
    </ClInclude>
    <ClInclude Include="00455_AssignCookies.hpp">
      <Filter>Header Files</Filter>
    </ClInclude>
    <ClInclude Include="00460_LFUCache.hpp">
      <Filter>Header Files</Filter>
    </ClInclude>
    <ClInclude Include="00463_IslandPerimeter.hpp">
      <Filter>Header Files</Filter>
    </ClInclude>
    <ClInclude Include="00473_MatchsticksToSquare.hpp">
      <Filter>Header Files</Filter>
    </ClInclude>
    <ClInclude Include="00474_OnesAndZeroes.hpp">
      <Filter>Header Files</Filter>
    </ClInclude>
    <ClInclude Include="00480_SlidingWindowMedian.hpp">
      <Filter>Header Files</Filter>
    </ClInclude>
    <ClInclude Include="00494_TargetSum.hpp">
      <Filter>Header Files</Filter>
    </ClInclude>
    <ClInclude Include="00502_Ipo.hpp">
      <Filter>Header Files</Filter>
    </ClInclude>
    <ClInclude Include="00509_FibonacciNumber.hpp">
      <Filter>Header Files</Filter>
    </ClInclude>
    <ClInclude Include="00513_FindBottomLeftTreeValue.hpp">
      <Filter>Header Files</Filter>
    </ClInclude>
    <ClInclude Include="00516_LongestPalindromicSubsequence.hpp">
      <Filter>Header Files</Filter>
    </ClInclude>
    <ClInclude Include="00518_CoinChangeIi.hpp">
      <Filter>Header Files</Filter>
    </ClInclude>
    <ClInclude Include="00525_ContiguousArray.hpp">
      <Filter>Header Files</Filter>
    </ClInclude>
    <ClInclude Include="00543_DiameterOfBinaryTree.hpp">
      <Filter>Header Files</Filter>
    </ClInclude>
    <ClInclude Include="00560_SubarraySumEqualsK.hpp">
      <Filter>Header Files</Filter>
    </ClInclude>
    <ClInclude Include="00567_PermutationInString.hpp">
      <Filter>Header Files</Filter>
    </ClInclude>
    <ClInclude Include="00572_SubtreeOfAnotherTree.hpp">
      <Filter>Header Files</Filter>
    </ClInclude>
    <ClInclude Include="00576_OutOfBoundaryPaths.hpp">
      <Filter>Header Files</Filter>
    </ClInclude>
    <ClInclude Include="00606_ConstructStringFromBinaryTree.hpp">
      <Filter>Header Files</Filter>
    </ClInclude>
    <ClInclude Include="00621_TaskScheduler.hpp">
      <Filter>Header Files</Filter>
    </ClInclude>
    <ClInclude Include="00622_DesignCircularQueue.hpp">
      <Filter>Header Files</Filter>
    </ClInclude>
    <ClInclude Include="00629_KInversePairsArray.hpp">
      <Filter>Header Files</Filter>
    </ClInclude>
    <ClInclude Include="00645_SetMismatch.hpp">
      <Filter>Header Files</Filter>
    </ClInclude>
    <ClInclude Include="00647_PalindromicSubstrings.hpp">
      <Filter>Header Files</Filter>
    </ClInclude>
    <ClInclude Include="00649_Dota2Senate.hpp">
      <Filter>Header Files</Filter>
    </ClInclude>
    <ClInclude Include="00658_FindKClosestElements.hpp">
      <Filter>Header Files</Filter>
    </ClInclude>
    <ClInclude Include="00661_ImageSmoother.hpp">
      <Filter>Header Files</Filter>
    </ClInclude>
    <ClInclude Include="00678_ValidParenthesisString.hpp">
      <Filter>Header Files</Filter>
    </ClInclude>
    <ClInclude Include="00680_ValidPalindromeII.hpp">
      <Filter>Header Files</Filter>
    </ClInclude>
    <ClInclude Include="00682_BaseballGame.hpp">
      <Filter>Header Files</Filter>
    </ClInclude>
    <ClInclude Include="00684_RedundantConnection.hpp">
      <Filter>Header Files</Filter>
    </ClInclude>
    <ClInclude Include="00695_MaxAreaOfIsland.hpp">
      <Filter>Header Files</Filter>
    </ClInclude>
    <ClInclude Include="00698_PartitionToKEqualSumSubsets.hpp">
      <Filter>Header Files</Filter>
    </ClInclude>
    <ClInclude Include="00701_InsertIntoABinarySearchTree.hpp">
      <Filter>Header Files</Filter>
    </ClInclude>
    <ClInclude Include="00703_KthLargestElementInAStream.hpp">
      <Filter>Header Files</Filter>
    </ClInclude>
    <ClInclude Include="00704_BinarySearch.hpp">
      <Filter>Header Files</Filter>
    </ClInclude>
    <ClInclude Include="00705_DesignHashSet.hpp">
      <Filter>Header Files</Filter>
    </ClInclude>
    <ClInclude Include="00706_DesignHashMap.hpp">
      <Filter>Header Files</Filter>
    </ClInclude>
    <ClInclude Include="00707_DesignLinkedList.hpp">
      <Filter>Header Files</Filter>
    </ClInclude>
    <ClInclude Include="00721_AccountsMerge.hpp">
      <Filter>Header Files</Filter>
    </ClInclude>
    <ClInclude Include="00724_FindPivotIndex.hpp">
      <Filter>Header Files</Filter>
    </ClInclude>
    <ClInclude Include="00729_MyCalendarI.hpp">
      <Filter>Header Files</Filter>
    </ClInclude>
    <ClInclude Include="00735_AsteroidCollision.hpp">
      <Filter>Header Files</Filter>
    </ClInclude>
    <ClInclude Include="00739_DailyTemperatures.hpp">
      <Filter>Header Files</Filter>
    </ClInclude>
    <ClInclude Include="00743_NetworkDelayTime.hpp">
      <Filter>Header Files</Filter>
    </ClInclude>
    <ClInclude Include="00745_PrefixAndSuffixSearch.hpp">
      <Filter>Header Files</Filter>
    </ClInclude>
    <ClInclude Include="00746_MinCostClimbingStairs.hpp">
      <Filter>Header Files</Filter>
    </ClInclude>
    <ClInclude Include="00752_OpenTheLock.hpp">
      <Filter>Header Files</Filter>
    </ClInclude>
    <ClInclude Include="00763_PartitionLabels.hpp">
      <Filter>Header Files</Filter>
    </ClInclude>
    <ClInclude Include="00767_ReorganizeString.hpp">
      <Filter>Header Files</Filter>
    </ClInclude>
    <ClInclude Include="00778_SwimInRisingWater.hpp">
      <Filter>Header Files</Filter>
    </ClInclude>
    <ClInclude Include="00787_CheapestFlightsWithinKStops.hpp">
      <Filter>Header Files</Filter>
    </ClInclude>
    <ClInclude Include="00846_HandOfStraights.hpp">
      <Filter>Header Files</Filter>
    </ClInclude>
    <ClInclude Include="00853_CarFleet.hpp">
      <Filter>Header Files</Filter>
    </ClInclude>
    <ClInclude Include="00860_LemonadeChange.hpp">
      <Filter>Header Files</Filter>
    </ClInclude>
    <ClInclude Include="00867_TransposeMatrix.hpp">
      <Filter>Header Files</Filter>
    </ClInclude>
    <ClInclude Include="00872_LeafSimilarTrees.hpp">
      <Filter>Header Files</Filter>
    </ClInclude>
    <ClInclude Include="00875_KokoEatingBananas.hpp">
      <Filter>Header Files</Filter>
    </ClInclude>
    <ClInclude Include="00876_MiddleOfTheLinkedList.hpp">
      <Filter>Header Files</Filter>
    </ClInclude>
    <ClInclude Include="00877_StoneGame.hpp">
      <Filter>Header Files</Filter>
    </ClInclude>
    <ClInclude Include="00881_BoatsToSavePeople.hpp">
      <Filter>Header Files</Filter>
    </ClInclude>
    <ClInclude Include="00895_MaximumFrequencyStack.hpp">
      <Filter>Header Files</Filter>
    </ClInclude>
    <ClInclude Include="00901_OnlineStockSpan.hpp">
      <Filter>Header Files</Filter>
    </ClInclude>
    <ClInclude Include="00907_SumOfSubarrayMinimums.hpp">
      <Filter>Header Files</Filter>
    </ClInclude>
    <ClInclude Include="00912_SortAnArray.hpp">
      <Filter>Header Files</Filter>
    </ClInclude>
    <ClInclude Include="00918_MaximumSumCircularSubarray.hpp">
      <Filter>Header Files</Filter>
    </ClInclude>
    <ClInclude Include="00930_BinarySubarraysWithSum.hpp">
      <Filter>Header Files</Filter>
    </ClInclude>
    <ClInclude Include="00931_MinimumFallingPathSum.hpp">
      <Filter>Header Files</Filter>
    </ClInclude>
    <ClInclude Include="00938_RangeSumOfBst.hpp">
      <Filter>Header Files</Filter>
    </ClInclude>
    <ClInclude Include="00948_MediumBagOfTokens.hpp">
      <Filter>Header Files</Filter>
    </ClInclude>
    <ClInclude Include="00953_VerifyingAnAlienDictionary.hpp">
      <Filter>Header Files</Filter>
    </ClInclude>
    <ClInclude Include="00973_KClosestPointsToOrigin.hpp">
      <Filter>Header Files</Filter>
    </ClInclude>
    <ClInclude Include="00977_SquaresOfASortedArray.hpp">
      <Filter>Header Files</Filter>
    </ClInclude>
    <ClInclude Include="00978_LongestTurbulentSubarray.hpp">
      <Filter>Header Files</Filter>
    </ClInclude>
    <ClInclude Include="00981_TimeBasedKeyValueStore.hpp">
      <Filter>Header Files</Filter>
    </ClInclude>
    <ClInclude Include="00983_MinimumCostForTickets.hpp">
      <Filter>Header Files</Filter>
    </ClInclude>
    <ClInclude Include="00992_SubarraysWithKDifferentIntegers.hpp">
      <Filter>Header Files</Filter>
    </ClInclude>
    <ClInclude Include="00994_RottingOranges.hpp">
      <Filter>Header Files</Filter>
    </ClInclude>
    <ClInclude Include="00997_FindTheTownJudge.hpp">
      <Filter>Header Files</Filter>
    </ClInclude>
    <ClInclude Include="01002_FindCommonCharacters.hpp">
      <Filter>Header Files</Filter>
    </ClInclude>
    <ClInclude Include="01011_CapacityToShipPackagesWithinDDays.hpp">
      <Filter>Header Files</Filter>
    </ClInclude>
    <ClInclude Include="01026_MaximumDifferenceBetweenNodeAndAncestor.hpp">
      <Filter>Header Files</Filter>
    </ClInclude>
    <ClInclude Include="01043_PartitionArrayForMaximumSum.hpp">
      <Filter>Header Files</Filter>
    </ClInclude>
    <ClInclude Include="01046_LastStoneWeight.hpp">
      <Filter>Header Files</Filter>
    </ClInclude>
    <ClInclude Include="01049_LastStoneWeightIi.hpp">
      <Filter>Header Files</Filter>
    </ClInclude>
    <ClInclude Include="01071_GreatestCommonDivisorOfStrings.hpp">
      <Filter>Header Files</Filter>
    </ClInclude>
    <ClInclude Include="01074_NumberOfSubmatricesThatSumToTarget.hpp">
      <Filter>Header Files</Filter>
    </ClInclude>
    <ClInclude Include="01092_ShortestCommonSupersequence.hpp">
      <Filter>Header Files</Filter>
    </ClInclude>
    <ClInclude Include="01094_CarPooling.hpp">
      <Filter>Header Files</Filter>
    </ClInclude>
    <ClInclude Include="01095_FindInMountainArray.hpp">
      <Filter>Header Files</Filter>
    </ClInclude>
    <ClInclude Include="01137_NthTribonacciNumber.hpp">
      <Filter>Header Files</Filter>
    </ClInclude>
    <ClInclude Include="01140_StoneGameII.hpp">
      <Filter>Header Files</Filter>
    </ClInclude>
    <ClInclude Include="01143_LongestCommonSubsequence.hpp">
      <Filter>Header Files</Filter>
    </ClInclude>
    <ClInclude Include="01155_NumberOfDiceRollsWithTargetSum.hpp">
      <Filter>Header Files</Filter>
    </ClInclude>
    <ClInclude Include="01171_RemoveZeroSumConsecutiveNodesFromLinkedList.hpp">
      <Filter>Header Files</Filter>
    </ClInclude>
    <ClInclude Include="01203_SortItemsbyGroupsRespectingDependencies.hpp">
      <Filter>Header Files</Filter>
    </ClInclude>
    <ClInclude Include="01207_UniqueNumberOfOccurrences.hpp">
      <Filter>Header Files</Filter>
    </ClInclude>
    <ClInclude Include="01235_MaximumProfitInJobScheduling.hpp">
      <Filter>Header Files</Filter>
    </ClInclude>
    <ClInclude Include="01239_MaximumLengthOfAConcatenatedStringWithUniqueCharacters.hpp">
      <Filter>Header Files</Filter>
    </ClInclude>
    <ClInclude Include="01249_MinimumRemoveToMakeValidParentheses.hpp">
      <Filter>Header Files</Filter>
    </ClInclude>
    <ClInclude Include="01287_ElementAppearingMoreThan25InSortedArray.hpp">
      <Filter>Header Files</Filter>
    </ClInclude>
    <ClInclude Include="01291_SequentialDigits.hpp">
      <Filter>Header Files</Filter>
    </ClInclude>
    <ClInclude Include="01325_DeleteLeavesWithAGivenValue.hpp">
      <Filter>Header Files</Filter>
    </ClInclude>
    <ClInclude Include="01335_MinimumDifficultyOfAJobSchedule.hpp">
      <Filter>Header Files</Filter>
    </ClInclude>
    <ClInclude Include="01343_NumberOfSubArraysOfSizeKAndAverageGreaterThanOrEqualToThreshold.hpp">
      <Filter>Header Files</Filter>
    </ClInclude>
    <ClInclude Include="01347_MinimumNumberOfStepsToMakeTwoStringsAnagram.hpp">
      <Filter>Header Files</Filter>
    </ClInclude>
    <ClInclude Include="01405_LongestHappyString.hpp">
      <Filter>Header Files</Filter>
    </ClInclude>
    <ClInclude Include="01406_StoneGameIII.hpp">
      <Filter>Header Files</Filter>
    </ClInclude>
    <ClInclude Include="01422_MaximumScoreAfterSplittingAString.hpp">
      <Filter>Header Files</Filter>
    </ClInclude>
    <ClInclude Include="01436_DestinationCity.hpp">
      <Filter>Header Files</Filter>
    </ClInclude>
    <ClInclude Include="01448_CountGoodNodesInBinaryTree.hpp">
      <Filter>Header Files</Filter>
    </ClInclude>
    <ClInclude Include="01457_PseudoPalindromicPathsInABinaryTree.hpp">
      <Filter>Header Files</Filter>
    </ClInclude>
    <ClInclude Include="01460_MakeTwoArraysEqualByReversingSubarrays.hpp">
      <Filter>Header Files</Filter>
    </ClInclude>
    <ClInclude Include="01462_CourseScheduleIv.hpp">
      <Filter>Header Files</Filter>
    </ClInclude>
    <ClInclude Include="01463_HardCherryPickupIi.hpp">
      <Filter>Header Files</Filter>
    </ClInclude>
    <ClInclude Include="01472_DesignBrowserHistory.hpp">
      <Filter>Header Files</Filter>
    </ClInclude>
    <ClInclude Include="01481_LeastNumberOfUniqueIntegersAfterKRemovals.hpp">
      <Filter>Header Files</Filter>
    </ClInclude>
    <ClInclude Include="01489_FindCriticalAndPseudoCriticalEdgesInMinimumSpanningTree.hpp">
      <Filter>Header Files</Filter>
    </ClInclude>
    <ClInclude Include="01496_PathCrossing.hpp">
      <Filter>Header Files</Filter>
    </ClInclude>
    <ClInclude Include="01514_PathWithMaximumProbability.hpp">
      <Filter>Header Files</Filter>
    </ClInclude>
    <ClInclude Include="01531_StringCompressionIi.hpp">
      <Filter>Header Files</Filter>
    </ClInclude>
    <ClInclude Include="01550_ThreeConsecutiveOdds.hpp">
      <Filter>Header Files</Filter>
    </ClInclude>
    <ClInclude Include="01578_MinimumTimeToMakeRopeColorful.hpp">
      <Filter>Header Files</Filter>
    </ClInclude>
    <ClInclude Include="01582_SpecialPositionsInABinaryMatrix.hpp">
      <Filter>Header Files</Filter>
    </ClInclude>
    <ClInclude Include="01584_MinCostToConnectAllPoints.hpp">
      <Filter>Header Files</Filter>
    </ClInclude>
    <ClInclude Include="01609_EvenOddTree.hpp">
      <Filter>Header Files</Filter>
    </ClInclude>
    <ClInclude Include="01624_LargestSubstringBetweenTwoEqualCharacters.hpp">
      <Filter>Header Files</Filter>
    </ClInclude>
    <ClInclude Include="01631_PathWithMinimumEffort.hpp">
      <Filter>Header Files</Filter>
    </ClInclude>
    <ClInclude Include="01637_WidestVerticalAreaBetweenTwoPointsContainingNoPointsnts.hpp">
      <Filter>Header Files</Filter>
    </ClInclude>
    <ClInclude Include="01642_FurthestBuildingYouCanReach.hpp">
      <Filter>Header Files</Filter>
    </ClInclude>
    <ClInclude Include="01657_DetermineIfTwoStringsAreClose.hpp">
      <Filter>Header Files</Filter>
    </ClInclude>
    <ClInclude Include="01669_MergeInBetweenLinkedLists.hpp">
      <Filter>Header Files</Filter>
    </ClInclude>
    <ClInclude Include="01688_CountOfMatchesInTournament.hpp">
      <Filter>Header Files</Filter>
    </ClInclude>
    <ClInclude Include="01700_NumberOfStudentsUnableToEatLunch.hpp">
      <Filter>Header Files</Filter>
    </ClInclude>
    <ClInclude Include="01704_DetermineIfStringHalvesAreAlike.hpp">
      <Filter>Header Files</Filter>
    </ClInclude>
    <ClInclude Include="01716_CalculateMoneyInLeetcodeBank.hpp">
      <Filter>Header Files</Filter>
    </ClInclude>
    <ClInclude Include="01750_MinimumLengthOfStringAfterDeletingSimilarEnds.hpp">
      <Filter>Header Files</Filter>
    </ClInclude>
    <ClInclude Include="01758_MinimumChangesToMakeAlternatingBinaryString.hpp">
      <Filter>Header Files</Filter>
    </ClInclude>
    <ClInclude Include="01768_MergeStringsAlternately.hpp">
      <Filter>Header Files</Filter>
    </ClInclude>
    <ClInclude Include="01834_SingleThreadedCPU.hpp">
      <Filter>Header Files</Filter>
    </ClInclude>
    <ClInclude Include="01851_MinimumIntervalToIncludeEachQuery.hpp">
      <Filter>Header Files</Filter>
    </ClInclude>
    <ClInclude Include="01863_SumOfAllSubsetXORTotals.hpp">
      <Filter>Header Files</Filter>
    </ClInclude>
    <ClInclude Include="01871_JumpGameVII.hpp">
      <Filter>Header Files</Filter>
    </ClInclude>
    <ClInclude Include="01897_RedistributeCharactersToMakeAllStringsEqual.hpp">
      <Filter>Header Files</Filter>
    </ClInclude>
    <ClInclude Include="01899_MergeTripletsToFormTargetTriplet.hpp">
      <Filter>Header Files</Filter>
    </ClInclude>
    <ClInclude Include="01903_LargestOddNumberInString.hpp">
      <Filter>Header Files</Filter>
    </ClInclude>
    <ClInclude Include="01913_MaximumProductDifferenceBetweenTwoPairs.hpp">
      <Filter>Header Files</Filter>
    </ClInclude>
    <ClInclude Include="01929_ConcatenationOfArray.hpp">
      <Filter>Header Files</Filter>
    </ClInclude>
    <ClInclude Include="02013_DetectSquares.hpp">
      <Filter>Header Files</Filter>
    </ClInclude>
    <ClInclude Include="02053_KthDistinctStringInAnArray.hpp">
      <Filter>Header Files</Filter>
    </ClInclude>
    <ClInclude Include="02092_FindAllPeopleWithSecret.hpp">
      <Filter>Header Files</Filter>
    </ClInclude>
    <ClInclude Include="02108_EasyFindFirstPalindromicStringInTheArray.hpp">
      <Filter>Header Files</Filter>
    </ClInclude>
    <ClInclude Include="02125_NumberOfLaserBeamsInABank.hpp">
      <Filter>Header Files</Filter>
    </ClInclude>
    <ClInclude Include="02130_MaximumTwinSumOfALinkedList.hpp">
      <Filter>Header Files</Filter>
    </ClInclude>
    <ClInclude Include="02149_RearrangeArrayElementsBySign.hpp">
      <Filter>Header Files</Filter>
    </ClInclude>
    <ClInclude Include="02225_FindPlayersWithZeroOrOneLosses.hpp">
      <Filter>Header Files</Filter>
    </ClInclude>
    <ClInclude Include="02264_Largest3SameDigitNumberInString.hpp">
      <Filter>Header Files</Filter>
    </ClInclude>
    <ClInclude Include="02353_DesignAFoodRatingSystem.hpp">
      <Filter>Header Files</Filter>
    </ClInclude>
    <ClInclude Include="02385_AmountOfTimeForBinaryTreeToBeInfected.hpp">
      <Filter>Header Files</Filter>
    </ClInclude>
    <ClInclude Include="02392_BuildAMatrixWithConditions.hpp">
      <Filter>Header Files</Filter>
    </ClInclude>
    <ClInclude Include="02402_MeetingRoomsIii.hpp">
      <Filter>Header Files</Filter>
    </ClInclude>
    <ClInclude Include="02407_LongestIncreasingSubsequenceIi.hpp">
      <Filter>Header Files</Filter>
    </ClInclude>
    <ClInclude Include="02444_CountSubarraysWithFixedBounds.hpp">
      <Filter>Header Files</Filter>
    </ClInclude>
    <ClInclude Include="02482_DifferenceBetweenOnesAndZerosInRowAndColumn.hpp">
      <Filter>Header Files</Filter>
    </ClInclude>
    <ClInclude Include="02485_FindThePivotInteger.hpp">
      <Filter>Header Files</Filter>
    </ClInclude>
    <ClInclude Include="02610_ConvertAnArrayIntoA2dArrayWithConditions.hpp">
      <Filter>Header Files</Filter>
    </ClInclude>
    <ClInclude Include="02706_BuyTwoChocolates.hpp">
      <Filter>Header Files</Filter>
    </ClInclude>
    <ClInclude Include="02707_ExtraCharactersInAString.hpp">
      <Filter>Header Files</Filter>
    </ClInclude>
    <ClInclude Include="02709_GreatestCommonDivisorTraversal.hpp">
      <Filter>Header Files</Filter>
    </ClInclude>
    <ClInclude Include="02807_InsertGreatestCommonDivisorsInLinkedList.hpp">
      <Filter>Header Files</Filter>
    </ClInclude>
    <ClInclude Include="02864_MaximumOddBinaryNumber.hpp">
      <Filter>Header Files</Filter>
    </ClInclude>
    <ClInclude Include="02870_MinimumNumberOfOperationsToMakeArrayEmpty.hpp">
      <Filter>Header Files</Filter>
    </ClInclude>
    <ClInclude Include="02958_LengthOfLongestSubarrayWithAtMostKFrequency.hpp">
      <Filter>Header Files</Filter>
    </ClInclude>
    <ClInclude Include="02962_CountSubarraysWhereMaxElementAppearsAtLeastKTimes.hpp">
      <Filter>Header Files</Filter>
    </ClInclude>
    <ClInclude Include="02966_DivideArrayIntoArraysWithMaxDifference.hpp">
      <Filter>Header Files</Filter>
    </ClInclude>
    <ClInclude Include="02971_FindPolygonWithTheLargestPerimeter.hpp">
      <Filter>Header Files</Filter>
    </ClInclude>
    <ClInclude Include="03133_MinimumArrayEnd.hpp">
      <Filter>Header Files</Filter>
    </ClInclude>
  </ItemGroup>
</Project>
