<?xml version="1.0" encoding="utf-8"?>
<Project ToolsVersion="4.0" xmlns="http://schemas.microsoft.com/developer/msbuild/2003">
  <ItemGroup>
    <Filter Include="Source Files">
      <UniqueIdentifier>{4FC737F1-C7A5-4376-A066-2A32D752A2FF}</UniqueIdentifier>
      <Extensions>cpp;c;cc;cxx;c++;cppm;ixx;def;odl;idl;hpj;bat;asm;asmx</Extensions>
    </Filter>
  </ItemGroup>
  <ItemGroup>
    <ClCompile Include="00001_TwoSumTests.cpp">
      <Filter>Source Files</Filter>
    </ClCompile>
    <ClCompile Include="00014_LongestCommonPrefixTests.cpp">
      <Filter>Source Files</Filter>
    </ClCompile>
    <ClCompile Include="00027_RemoveElementTests.cpp">
      <Filter>Source Files</Filter>
    </ClCompile>
    <ClCompile Include="00049_GroupAnagramsTests.cpp">
      <Filter>Source Files</Filter>
    </ClCompile>
    <ClCompile Include="00169_MajorityElementTests.cpp">
      <Filter>Source Files</Filter>
    </ClCompile>
    <ClCompile Include="00271_EncodeAndDecodeStringsTests.cpp">
      <Filter>Source Files</Filter>
    </ClCompile>
    <ClCompile Include="00304_RangeSumQuery2DImmutableTests.cpp">
      <Filter>Source Files</Filter>
    </ClCompile>
    <ClCompile Include="00347_TopKFrequentElementsTests.cpp">
      <Filter>Source Files</Filter>
    </ClCompile>
    <ClCompile Include="00417_PacificAtlanticWaterFlowTests.cpp">
      <Filter>Source Files</Filter>
    </ClCompile>
    <ClCompile Include="00424_LongestRepeatingCharacterReplacementTests.cpp">
      <Filter>Source Files</Filter>
    </ClCompile>
    <ClCompile Include="00442_FindAllDuplicatesInAnArrayTests.cpp">
      <Filter>Source Files</Filter>
    </ClCompile>
    <ClCompile Include="00451_SortCharactersByFrequencyTests.cpp">
      <Filter>Source Files</Filter>
    </ClCompile>
    <ClCompile Include="00452_MinimumNumberOfArrowsToBurstBalloonsTests.cpp">
      <Filter>Source Files</Filter>
    </ClCompile>
    <ClCompile Include="00455_AssignCookiesTests.cpp">
      <Filter>Source Files</Filter>
    </ClCompile>
    <ClCompile Include="00513_FindBottomLeftTreeValueTests.cpp">
      <Filter>Source Files</Filter>
    </ClCompile>
    <ClCompile Include="00543_DiameterOfBinaryTreeTests.cpp">
      <Filter>Source Files</Filter>
    </ClCompile>
    <ClCompile Include="00567_PermutationInStringTests.cpp">
      <Filter>Source Files</Filter>
    </ClCompile>
    <ClCompile Include="00572_SubtreeOfAnotherTreeTests.cpp">
      <Filter>Source Files</Filter>
    </ClCompile>
    <ClCompile Include="00621_TaskSchedulerTests.cpp">
      <Filter>Source Files</Filter>
    </ClCompile>
    <ClCompile Include="00645_SetMismatchTests.cpp">
      <Filter>Source Files</Filter>
    </ClCompile>
    <ClCompile Include="00661_ImageSmootherTests.cpp">
      <Filter>Source Files</Filter>
    </ClCompile>
    <ClCompile Include="00682_BaseballGameTests.cpp">
      <Filter>Source Files</Filter>
    </ClCompile>
    <ClCompile Include="00684_RedundantConnectionTests.cpp">
      <Filter>Source Files</Filter>
    </ClCompile>
    <ClCompile Include="00695_MaxAreaOfIslandTests.cpp">
      <Filter>Source Files</Filter>
    </ClCompile>
    <ClCompile Include="00703_KthLargestElementInAStreamTests.cpp">
      <Filter>Source Files</Filter>
    </ClCompile>
    <ClCompile Include="00704_BinarySearchTests.cpp">
      <Filter>Source Files</Filter>
    </ClCompile>
    <ClCompile Include="00739_DailyTemperaturesTests.cpp">
      <Filter>Source Files</Filter>
    </ClCompile>
    <ClCompile Include="00743_NetworkDelayTimeTests.cpp">
      <Filter>Source Files</Filter>
    </ClCompile>
    <ClCompile Include="00778_SwimInRisingWaterTests.cpp">
      <Filter>Source Files</Filter>
    </ClCompile>
    <ClCompile Include="00853_CarFleetTests.cpp">
      <Filter>Source Files</Filter>
    </ClCompile>
    <ClCompile Include="00867_TransposeMatrixTests.cpp">
      <Filter>Source Files</Filter>
    </ClCompile>
    <ClCompile Include="00872_LeafSimilarTreesTests.cpp">
      <Filter>Source Files</Filter>
    </ClCompile>
    <ClCompile Include="00875_KokoEatingBananasTests.cpp">
      <Filter>Source Files</Filter>
    </ClCompile>
    <ClCompile Include="00907_SumOfSubarrayMinimumsTests.cpp">
      <Filter>Source Files</Filter>
    </ClCompile>
    <ClCompile Include="00930_BinarySubarraysWithSumTests.cpp">
      <Filter>Source Files</Filter>
    </ClCompile>
    <ClCompile Include="00938_RangeSumOfBstTests.cpp">
      <Filter>Source Files</Filter>
    </ClCompile>
    <ClCompile Include="00973_KClosestPointsToOriginTests.cpp">
      <Filter>Source Files</Filter>
    </ClCompile>
    <ClCompile Include="00977_SquaresOfASortedArrayTests.cpp">
      <Filter>Source Files</Filter>
    </ClCompile>
    <ClCompile Include="00981_TimeBasedKeyValueStoreTests.cpp">
      <Filter>Source Files</Filter>
    </ClCompile>
    <ClCompile Include="00994_RottingOrangesTests.cpp">
      <Filter>Source Files</Filter>
    </ClCompile>
    <ClCompile Include="01002_FindCommonCharactersTests.cpp">
      <Filter>Source Files</Filter>
    </ClCompile>
    <ClCompile Include="01046_LastStoneWeightTests.cpp">
      <Filter>Source Files</Filter>
    </ClCompile>
    <ClCompile Include="01207_UniqueNumberOfOccurrencesTests.cpp">
      <Filter>Source Files</Filter>
    </ClCompile>
    <ClCompile Include="01287_ElementAppearingMoreThan25InSortedArrayTests.cpp">
      <Filter>Source Files</Filter>
    </ClCompile>
    <ClCompile Include="01291_SequentialDigitsTests.cpp">
      <Filter>Source Files</Filter>
    </ClCompile>
    <ClCompile Include="01422_MaximumScoreAfterSplittingAStringTests.cpp">
      <Filter>Source Files</Filter>
    </ClCompile>
    <ClCompile Include="01436_DestinationCityTests.cpp">
      <Filter>Source Files</Filter>
    </ClCompile>
    <ClCompile Include="01448_CountGoodNodesInBinaryTreeTests.cpp">
      <Filter>Source Files</Filter>
    </ClCompile>
    <ClCompile Include="01460_MakeTwoArraysEqualByReversingSubarraysTests.cpp">
      <Filter>Source Files</Filter>
    </ClCompile>
    <ClCompile Include="01481_LeastNumberOfUniqueIntegersAfterKRemovalsTests.cpp">
      <Filter>Source Files</Filter>
    </ClCompile>
    <ClCompile Include="01550_ThreeConsecutiveOddsTests.cpp">
      <Filter>Source Files</Filter>
    </ClCompile>
    <ClCompile Include="01584_MinCostToConnectAllPointsTests.cpp">
      <Filter>Source Files</Filter>
    </ClCompile>
    <ClCompile Include="01609_EvenOddTreeTests.cpp">
      <Filter>Source Files</Filter>
    </ClCompile>
    <ClCompile Include="01624_LargestSubstringBetweenTwoEqualCharactersTests.cpp">
      <Filter>Source Files</Filter>
    </ClCompile>
    <ClCompile Include="01631_PathWithMinimumEffortTests.cpp">
      <Filter>Source Files</Filter>
    </ClCompile>
    <ClCompile Include="01637_WidestVerticalAreaBetweenTwoPointsContainingNoPointsntsTests.cpp">
      <Filter>Source Files</Filter>
    </ClCompile>
    <ClCompile Include="01642_FurthestBuildingYouCanReachTests.cpp">
      <Filter>Source Files</Filter>
    </ClCompile>
    <ClCompile Include="01657_DetermineIfTwoStringsAreCloseTests.cpp">
      <Filter>Source Files</Filter>
    </ClCompile>
    <ClCompile Include="01669_MergeInBetweenLinkedListsTests.cpp">
      <Filter>Source Files</Filter>
    </ClCompile>
    <ClCompile Include="01688_CountOfMatchesInTournamentTests.cpp">
      <Filter>Source Files</Filter>
    </ClCompile>
    <ClCompile Include="01750_MinimumLengthOfStringAfterDeletingSimilarEndsTests.cpp">
      <Filter>Source Files</Filter>
    </ClCompile>
    <ClCompile Include="01897_RedistributeCharactersToMakeAllStringsEqualTests.cpp">
      <Filter>Source Files</Filter>
    </ClCompile>
    <ClCompile Include="01913_MaximumProductDifferenceBetweenTwoPairsTests.cpp">
      <Filter>Source Files</Filter>
    </ClCompile>
    <ClCompile Include="01929_ConcatenationOfArrayTests.cpp">
      <Filter>Source Files</Filter>
    </ClCompile>
    <ClCompile Include="02053_KthDistinctStringInAnArrayTests.cpp">
      <Filter>Source Files</Filter>
    </ClCompile>
    <ClCompile Include="02108_EasyFindFirstPalindromicStringInTheArrayTests.cpp">
      <Filter>Source Files</Filter>
    </ClCompile>
    <ClCompile Include="02125_NumberOfLaserBeamsInABankTests.cpp">
      <Filter>Source Files</Filter>
    </ClCompile>
    <ClCompile Include="02149_RearrangeArrayElementsBySignTests.cpp">
      <Filter>Source Files</Filter>
    </ClCompile>
    <ClCompile Include="02225_FindPlayersWithZeroOrOneLossesTests.cpp">
      <Filter>Source Files</Filter>
    </ClCompile>
    <ClCompile Include="02353_DesignAFoodRatingSystemTests.cpp">
      <Filter>Source Files</Filter>
    </ClCompile>
    <ClCompile Include="02402_MeetingRoomsIiiTests.cpp">
      <Filter>Source Files</Filter>
    </ClCompile>
    <ClCompile Include="02485_FindThePivotIntegerTests.cpp">
      <Filter>Source Files</Filter>
    </ClCompile>
    <ClCompile Include="02610_ConvertAnArrayIntoA2dArrayWithConditionsTests.cpp">
      <Filter>Source Files</Filter>
    </ClCompile>
    <ClCompile Include="02706_BuyTwoChocolatesTests.cpp">
      <Filter>Source Files</Filter>
    </ClCompile>
    <ClCompile Include="02864_MaximumOddBinaryNumberTests.cpp">
      <Filter>Source Files</Filter>
    </ClCompile>
    <ClCompile Include="02971_FindPolygonWithTheLargestPerimeterTests.cpp">
      <Filter>Source Files</Filter>
    </ClCompile>
    <ClCompile Include="tests_main.cpp">
      <Filter>Source Files</Filter>
    </ClCompile>
  </ItemGroup>
</Project>
